// !$*UTF8*$!
{
	archiveVersion = 1;
	classes = {
	};
	objectVersion = 50;
	objects = {

/* Begin PBXBuildFile section */
		1AC9A7F5F78C3E6912CD4C49 /* Pods_Storybook_Packager.framework in Frameworks */ = {isa = PBXBuildFile; fileRef = CF2A3B4EA0F939AF3506597B /* Pods_Storybook_Packager.framework */; };
		1B04349E21F106E60003EA69 /* proj.icns in Resources */ = {isa = PBXBuildFile; fileRef = 1B04349D21F106E60003EA69 /* proj.icns */; };
		1B05A3D8223FDC6A0093F83D /* BundleViewController.swift in Sources */ = {isa = PBXBuildFile; fileRef = 1B05A3D7223FDC6A0093F83D /* BundleViewController.swift */; };
		1B062561220CB8DC00C39E8D /* ProjectViewController.swift in Sources */ = {isa = PBXBuildFile; fileRef = 1B062560220CB8DC00C39E8D /* ProjectViewController.swift */; };
		1B0D557E220A2030008E5DED /* Startup.storyboard in Resources */ = {isa = PBXBuildFile; fileRef = 1B0D557D220A2030008E5DED /* Startup.storyboard */; };
		1B0D5580220A223B008E5DED /* StartupWindowController.swift in Sources */ = {isa = PBXBuildFile; fileRef = 1B0D557F220A223B008E5DED /* StartupWindowController.swift */; };
		1B3143CF21482E0500E1D3BD /* AppDelegate.swift in Sources */ = {isa = PBXBuildFile; fileRef = 1B3143CE21482E0500E1D3BD /* AppDelegate.swift */; };
		1B3143D121482E0500E1D3BD /* StartupViewController.swift in Sources */ = {isa = PBXBuildFile; fileRef = 1B3143D021482E0500E1D3BD /* StartupViewController.swift */; };
		1B3143D321482E0500E1D3BD /* Document.swift in Sources */ = {isa = PBXBuildFile; fileRef = 1B3143D221482E0500E1D3BD /* Document.swift */; };
		1B3143D521482E0700E1D3BD /* Assets.xcassets in Resources */ = {isa = PBXBuildFile; fileRef = 1B3143D421482E0700E1D3BD /* Assets.xcassets */; };
		1B3143D821482E0700E1D3BD /* Main.storyboard in Resources */ = {isa = PBXBuildFile; fileRef = 1B3143D621482E0700E1D3BD /* Main.storyboard */; };
		1B31D5B2224583540092FFED /* QuizViewController.swift in Sources */ = {isa = PBXBuildFile; fileRef = 1B31D5B1224583540092FFED /* QuizViewController.swift */; };
		1B41E825222877A100A80AAC /* ImportDragDropBoxView.swift in Sources */ = {isa = PBXBuildFile; fileRef = 1B41E824222877A100A80AAC /* ImportDragDropBoxView.swift */; };
		1B4A49072216222A00B91F2B /* DroppableView.swift in Sources */ = {isa = PBXBuildFile; fileRef = 1B4A49062216222A00B91F2B /* DroppableView.swift */; };
		1B5748CB223AA69600B7AC62 /* WidgetsViewController.swift in Sources */ = {isa = PBXBuildFile; fileRef = 1B5748CA223AA69600B7AC62 /* WidgetsViewController.swift */; };
		1B5890E52214A7C400640B08 /* DownloadablesViewController.swift in Sources */ = {isa = PBXBuildFile; fileRef = 1B5890E42214A7C400640B08 /* DownloadablesViewController.swift */; };
		1B71782F222456E40037AC02 /* FilesViewController.swift in Sources */ = {isa = PBXBuildFile; fileRef = 1B71782E222456E40037AC02 /* FilesViewController.swift */; };
		1B766DF22253C5DD0034F383 /* CorrectTabelCellView.swift in Sources */ = {isa = PBXBuildFile; fileRef = 1B766DF12253C5DD0034F383 /* CorrectTabelCellView.swift */; };
		1B766DF42253DE910034F383 /* MultipleChoiceViewController.swift in Sources */ = {isa = PBXBuildFile; fileRef = 1B766DF32253DE900034F383 /* MultipleChoiceViewController.swift */; };
		1B766DF82253FFF20034F383 /* HtmlViewController.swift in Sources */ = {isa = PBXBuildFile; fileRef = 1B766DF72253FFF20034F383 /* HtmlViewController.swift */; };
		1B76F77021BF07E80090A311 /* SettingsDialogController.swift in Sources */ = {isa = PBXBuildFile; fileRef = 1B76F76F21BF07E80090A311 /* SettingsDialogController.swift */; };
		1B76F77221BF09C90090A311 /* PropertiesDialogController.swift in Sources */ = {isa = PBXBuildFile; fileRef = 1B76F77121BF09C90090A311 /* PropertiesDialogController.swift */; };
		1B76F77421BF40840090A311 /* ProjectWindowController.swift in Sources */ = {isa = PBXBuildFile; fileRef = 1B76F77321BF40840090A311 /* ProjectWindowController.swift */; };
		1B81A1D621C854D70061FD6D /* index.html in Resources */ = {isa = PBXBuildFile; fileRef = 1B81A1D521C854D70061FD6D /* index.html */; };
		1B90D4952256AB3D00073634 /* BulkDropView.swift in Sources */ = {isa = PBXBuildFile; fileRef = 1B90D4942256AB3D00073634 /* BulkDropView.swift */; };
		1B98B039215EA394003D19A8 /* Constants.swift in Sources */ = {isa = PBXBuildFile; fileRef = 1B98B038215EA394003D19A8 /* Constants.swift */; };
		1BB03A552232380B00C29079 /* PageOutlineTableRowView.swift in Sources */ = {isa = PBXBuildFile; fileRef = 1BB03A542232380B00C29079 /* PageOutlineTableRowView.swift */; };
		1BB2CADE22248DA6002D2804 /* Assets.storyboard in Resources */ = {isa = PBXBuildFile; fileRef = 1BB2CADD22248DA6002D2804 /* Assets.storyboard */; };
		1BB2CAE1222498A0002D2804 /* Page.storyboard in Resources */ = {isa = PBXBuildFile; fileRef = 1BB2CAE0222498A0002D2804 /* Page.storyboard */; };
		1BB2CAE3222498F9002D2804 /* PageViewController.swift in Sources */ = {isa = PBXBuildFile; fileRef = 1BB2CAE2222498F9002D2804 /* PageViewController.swift */; };
		1BC13E31223BEB1F0021955C /* ImageAudioViewController.swift in Sources */ = {isa = PBXBuildFile; fileRef = 1BC13E30223BEB1F0021955C /* ImageAudioViewController.swift */; };
		1BC13E33223C0BFD0021955C /* SBImageVIew.swift in Sources */ = {isa = PBXBuildFile; fileRef = 1BC13E32223C0BFD0021955C /* SBImageVIew.swift */; };
		1BC13E35223C0C5B0021955C /* SBWebView.swift in Sources */ = {isa = PBXBuildFile; fileRef = 1BC13E34223C0C5B0021955C /* SBWebView.swift */; };
		1BC13E37223C14800021955C /* VideoViewController.swift in Sources */ = {isa = PBXBuildFile; fileRef = 1BC13E36223C14800021955C /* VideoViewController.swift */; };
		1BC13E39223C22F70021955C /* StreamingViewController.swift in Sources */ = {isa = PBXBuildFile; fileRef = 1BC13E38223C22F70021955C /* StreamingViewController.swift */; };
		1BC96592215547D60007E2FE /* Utility.swift in Sources */ = {isa = PBXBuildFile; fileRef = 1BC96591215547D60007E2FE /* Utility.swift */; };
		1BCC7C482150386F00E26D5A /* RecentProjectTableCellView.swift in Sources */ = {isa = PBXBuildFile; fileRef = 1BCC7C472150386F00E26D5A /* RecentProjectTableCellView.swift */; };
		1BD1F48522397D3600BA9D06 /* NotesViewController.swift in Sources */ = {isa = PBXBuildFile; fileRef = 1BD1F48422397D3600BA9D06 /* NotesViewController.swift */; };
		1BD1F48B2239892E00BA9D06 /* ImageViewController.swift in Sources */ = {isa = PBXBuildFile; fileRef = 1BD1F48A2239892E00BA9D06 /* ImageViewController.swift */; };
		1BD4C069220A0848009257E6 /* Preferences.storyboard in Resources */ = {isa = PBXBuildFile; fileRef = 1BD4C068220A0848009257E6 /* Preferences.storyboard */; };
		1BD4C06E220A0AFA009257E6 /* PreferencesWindowController.swift in Sources */ = {isa = PBXBuildFile; fileRef = 1BD4C06D220A0AFA009257E6 /* PreferencesWindowController.swift */; };
		1BD4C072220A0C53009257E6 /* PreferencesViewController.swift in Sources */ = {isa = PBXBuildFile; fileRef = 1BD4C071220A0C53009257E6 /* PreferencesViewController.swift */; };
		1BD5345521E40028008B6A7D /* profile-img-ph.png in Resources */ = {isa = PBXBuildFile; fileRef = 1BD5345321E40028008B6A7D /* profile-img-ph.png */; };
		1BD5345621E40028008B6A7D /* page-img-ph.png in Resources */ = {isa = PBXBuildFile; fileRef = 1BD5345421E40028008B6A7D /* page-img-ph.png */; };
		1BD8B251224EAC0B00CB8B3F /* ShortAnswerViewController.swift in Sources */ = {isa = PBXBuildFile; fileRef = 1BD8B250224EAC0B00CB8B3F /* ShortAnswerViewController.swift */; };
		1BD8B253224EB68600CB8B3F /* FillInTheBlankViewController.swift in Sources */ = {isa = PBXBuildFile; fileRef = 1BD8B252224EB68600CB8B3F /* FillInTheBlankViewController.swift */; };
		1BD8B255224EC1C300CB8B3F /* MultipleAnswerViewController.swift in Sources */ = {isa = PBXBuildFile; fileRef = 1BD8B254224EC1C300CB8B3F /* MultipleAnswerViewController.swift */; };
		1BD93ED42230185A00E09618 /* PageOutlineCellView.swift in Sources */ = {isa = PBXBuildFile; fileRef = 1BD93ED32230185A00E09618 /* PageOutlineCellView.swift */; };
		1BD93ED622301AB100E09618 /* PageOutlineViewController.swift in Sources */ = {isa = PBXBuildFile; fileRef = 1BD93ED522301AB100E09618 /* PageOutlineViewController.swift */; };
		1BD93ED82230226200E09618 /* PageOutlineView.swift in Sources */ = {isa = PBXBuildFile; fileRef = 1BD93ED72230226200E09618 /* PageOutlineView.swift */; };
		1BE5C43B21827B9F004D4AA6 /* AVKit.framework in Frameworks */ = {isa = PBXBuildFile; fileRef = 1BE5C43A21827B9F004D4AA6 /* AVKit.framework */; };
		1BE5C43D21828022004D4AA6 /* AVFoundation.framework in Frameworks */ = {isa = PBXBuildFile; fileRef = 1BE5C43C21828022004D4AA6 /* AVFoundation.framework */; };
		1BF326622243FB0A005CE2DE /* FrameCellView.swift in Sources */ = {isa = PBXBuildFile; fileRef = 1BF326612243FB0A005CE2DE /* FrameCellView.swift */; };
/* End PBXBuildFile section */

/* Begin PBXCopyFilesBuildPhase section */
		1B0E5797219F633A00854BB1 /* Embed Frameworks */ = {
			isa = PBXCopyFilesBuildPhase;
			buildActionMask = 2147483647;
			dstPath = "";
			dstSubfolderSpec = 10;
			files = (
			);
			name = "Embed Frameworks";
			runOnlyForDeploymentPostprocessing = 0;
		};
		1B0E5798219F639200854BB1 /* CopyFiles */ = {
			isa = PBXCopyFilesBuildPhase;
			buildActionMask = 2147483647;
			dstPath = "";
			dstSubfolderSpec = 16;
			files = (
			);
			runOnlyForDeploymentPostprocessing = 0;
		};
/* End PBXCopyFilesBuildPhase section */

/* Begin PBXFileReference section */
		1B04349D21F106E60003EA69 /* proj.icns */ = {isa = PBXFileReference; lastKnownFileType = image.icns; path = proj.icns; sourceTree = "<group>"; };
		1B05A3D7223FDC6A0093F83D /* BundleViewController.swift */ = {isa = PBXFileReference; lastKnownFileType = sourcecode.swift; path = BundleViewController.swift; sourceTree = "<group>"; };
		1B062560220CB8DC00C39E8D /* ProjectViewController.swift */ = {isa = PBXFileReference; lastKnownFileType = sourcecode.swift; path = ProjectViewController.swift; sourceTree = "<group>"; };
		1B0D557D220A2030008E5DED /* Startup.storyboard */ = {isa = PBXFileReference; lastKnownFileType = file.storyboard; path = Startup.storyboard; sourceTree = "<group>"; };
		1B0D557F220A223B008E5DED /* StartupWindowController.swift */ = {isa = PBXFileReference; lastKnownFileType = sourcecode.swift; path = StartupWindowController.swift; sourceTree = "<group>"; };
		1B3143CB21482E0500E1D3BD /* Storybook Packager.app */ = {isa = PBXFileReference; explicitFileType = wrapper.application; includeInIndex = 0; path = "Storybook Packager.app"; sourceTree = BUILT_PRODUCTS_DIR; };
		1B3143CE21482E0500E1D3BD /* AppDelegate.swift */ = {isa = PBXFileReference; lastKnownFileType = sourcecode.swift; path = AppDelegate.swift; sourceTree = "<group>"; };
		1B3143D021482E0500E1D3BD /* StartupViewController.swift */ = {isa = PBXFileReference; lastKnownFileType = sourcecode.swift; path = StartupViewController.swift; sourceTree = "<group>"; };
		1B3143D221482E0500E1D3BD /* Document.swift */ = {isa = PBXFileReference; lastKnownFileType = sourcecode.swift; path = Document.swift; sourceTree = "<group>"; };
		1B3143D421482E0700E1D3BD /* Assets.xcassets */ = {isa = PBXFileReference; lastKnownFileType = folder.assetcatalog; path = Assets.xcassets; sourceTree = "<group>"; };
		1B3143D721482E0700E1D3BD /* Base */ = {isa = PBXFileReference; lastKnownFileType = file.storyboard; name = Base; path = Base.lproj/Main.storyboard; sourceTree = "<group>"; };
		1B3143D921482E0700E1D3BD /* Info.plist */ = {isa = PBXFileReference; lastKnownFileType = text.plist.xml; path = Info.plist; sourceTree = "<group>"; };
		1B31D5B1224583540092FFED /* QuizViewController.swift */ = {isa = PBXFileReference; lastKnownFileType = sourcecode.swift; path = QuizViewController.swift; sourceTree = "<group>"; };
		1B41E824222877A100A80AAC /* ImportDragDropBoxView.swift */ = {isa = PBXFileReference; lastKnownFileType = sourcecode.swift; path = ImportDragDropBoxView.swift; sourceTree = "<group>"; };
		1B4A49062216222A00B91F2B /* DroppableView.swift */ = {isa = PBXFileReference; lastKnownFileType = sourcecode.swift; path = DroppableView.swift; sourceTree = "<group>"; };
		1B5748CA223AA69600B7AC62 /* WidgetsViewController.swift */ = {isa = PBXFileReference; lastKnownFileType = sourcecode.swift; path = WidgetsViewController.swift; sourceTree = "<group>"; };
		1B5890E42214A7C400640B08 /* DownloadablesViewController.swift */ = {isa = PBXFileReference; lastKnownFileType = sourcecode.swift; path = DownloadablesViewController.swift; sourceTree = "<group>"; };
		1B71782E222456E40037AC02 /* FilesViewController.swift */ = {isa = PBXFileReference; lastKnownFileType = sourcecode.swift; path = FilesViewController.swift; sourceTree = "<group>"; };
		1B766DF12253C5DD0034F383 /* CorrectTabelCellView.swift */ = {isa = PBXFileReference; lastKnownFileType = sourcecode.swift; path = CorrectTabelCellView.swift; sourceTree = "<group>"; };
		1B766DF32253DE900034F383 /* MultipleChoiceViewController.swift */ = {isa = PBXFileReference; lastKnownFileType = sourcecode.swift; path = MultipleChoiceViewController.swift; sourceTree = "<group>"; };
		1B766DF72253FFF20034F383 /* HtmlViewController.swift */ = {isa = PBXFileReference; lastKnownFileType = sourcecode.swift; path = HtmlViewController.swift; sourceTree = "<group>"; };
		1B76F76F21BF07E80090A311 /* SettingsDialogController.swift */ = {isa = PBXFileReference; lastKnownFileType = sourcecode.swift; path = SettingsDialogController.swift; sourceTree = "<group>"; };
		1B76F77121BF09C90090A311 /* PropertiesDialogController.swift */ = {isa = PBXFileReference; lastKnownFileType = sourcecode.swift; path = PropertiesDialogController.swift; sourceTree = "<group>"; };
		1B76F77321BF40840090A311 /* ProjectWindowController.swift */ = {isa = PBXFileReference; lastKnownFileType = sourcecode.swift; path = ProjectWindowController.swift; sourceTree = "<group>"; };
		1B81A1D521C854D70061FD6D /* index.html */ = {isa = PBXFileReference; fileEncoding = 4; lastKnownFileType = text.html; path = index.html; sourceTree = "<group>"; };
		1B90D4942256AB3D00073634 /* BulkDropView.swift */ = {isa = PBXFileReference; lastKnownFileType = sourcecode.swift; path = BulkDropView.swift; sourceTree = "<group>"; };
		1B98B038215EA394003D19A8 /* Constants.swift */ = {isa = PBXFileReference; lastKnownFileType = sourcecode.swift; path = Constants.swift; sourceTree = "<group>"; };
		1BB03A542232380B00C29079 /* PageOutlineTableRowView.swift */ = {isa = PBXFileReference; lastKnownFileType = sourcecode.swift; path = PageOutlineTableRowView.swift; sourceTree = "<group>"; };
		1BB2CADD22248DA6002D2804 /* Assets.storyboard */ = {isa = PBXFileReference; lastKnownFileType = file.storyboard; path = Assets.storyboard; sourceTree = "<group>"; };
		1BB2CAE0222498A0002D2804 /* Page.storyboard */ = {isa = PBXFileReference; lastKnownFileType = file.storyboard; path = Page.storyboard; sourceTree = "<group>"; };
		1BB2CAE2222498F9002D2804 /* PageViewController.swift */ = {isa = PBXFileReference; lastKnownFileType = sourcecode.swift; path = PageViewController.swift; sourceTree = "<group>"; };
		1BC13E30223BEB1F0021955C /* ImageAudioViewController.swift */ = {isa = PBXFileReference; lastKnownFileType = sourcecode.swift; path = ImageAudioViewController.swift; sourceTree = "<group>"; };
		1BC13E32223C0BFD0021955C /* SBImageVIew.swift */ = {isa = PBXFileReference; lastKnownFileType = sourcecode.swift; path = SBImageVIew.swift; sourceTree = "<group>"; };
		1BC13E34223C0C5B0021955C /* SBWebView.swift */ = {isa = PBXFileReference; lastKnownFileType = sourcecode.swift; path = SBWebView.swift; sourceTree = "<group>"; };
		1BC13E36223C14800021955C /* VideoViewController.swift */ = {isa = PBXFileReference; lastKnownFileType = sourcecode.swift; path = VideoViewController.swift; sourceTree = "<group>"; };
		1BC13E38223C22F70021955C /* StreamingViewController.swift */ = {isa = PBXFileReference; lastKnownFileType = sourcecode.swift; path = StreamingViewController.swift; sourceTree = "<group>"; };
		1BC96591215547D60007E2FE /* Utility.swift */ = {isa = PBXFileReference; lastKnownFileType = sourcecode.swift; path = Utility.swift; sourceTree = "<group>"; };
		1BCC7C472150386F00E26D5A /* RecentProjectTableCellView.swift */ = {isa = PBXFileReference; lastKnownFileType = sourcecode.swift; path = RecentProjectTableCellView.swift; sourceTree = "<group>"; };
		1BD1F48422397D3600BA9D06 /* NotesViewController.swift */ = {isa = PBXFileReference; lastKnownFileType = sourcecode.swift; path = NotesViewController.swift; sourceTree = "<group>"; };
		1BD1F48A2239892E00BA9D06 /* ImageViewController.swift */ = {isa = PBXFileReference; lastKnownFileType = sourcecode.swift; path = ImageViewController.swift; sourceTree = "<group>"; };
		1BD4C068220A0848009257E6 /* Preferences.storyboard */ = {isa = PBXFileReference; lastKnownFileType = file.storyboard; path = Preferences.storyboard; sourceTree = "<group>"; };
		1BD4C06D220A0AFA009257E6 /* PreferencesWindowController.swift */ = {isa = PBXFileReference; lastKnownFileType = sourcecode.swift; path = PreferencesWindowController.swift; sourceTree = "<group>"; };
		1BD4C071220A0C53009257E6 /* PreferencesViewController.swift */ = {isa = PBXFileReference; lastKnownFileType = sourcecode.swift; path = PreferencesViewController.swift; sourceTree = "<group>"; };
		1BD5345321E40028008B6A7D /* profile-img-ph.png */ = {isa = PBXFileReference; lastKnownFileType = image.png; path = "profile-img-ph.png"; sourceTree = "<group>"; };
		1BD5345421E40028008B6A7D /* page-img-ph.png */ = {isa = PBXFileReference; lastKnownFileType = image.png; path = "page-img-ph.png"; sourceTree = "<group>"; };
		1BD8B250224EAC0B00CB8B3F /* ShortAnswerViewController.swift */ = {isa = PBXFileReference; lastKnownFileType = sourcecode.swift; path = ShortAnswerViewController.swift; sourceTree = "<group>"; };
		1BD8B252224EB68600CB8B3F /* FillInTheBlankViewController.swift */ = {isa = PBXFileReference; lastKnownFileType = sourcecode.swift; path = FillInTheBlankViewController.swift; sourceTree = "<group>"; };
		1BD8B254224EC1C300CB8B3F /* MultipleAnswerViewController.swift */ = {isa = PBXFileReference; lastKnownFileType = sourcecode.swift; path = MultipleAnswerViewController.swift; sourceTree = "<group>"; };
		1BD93ED32230185A00E09618 /* PageOutlineCellView.swift */ = {isa = PBXFileReference; lastKnownFileType = sourcecode.swift; path = PageOutlineCellView.swift; sourceTree = "<group>"; };
		1BD93ED522301AB100E09618 /* PageOutlineViewController.swift */ = {isa = PBXFileReference; lastKnownFileType = sourcecode.swift; path = PageOutlineViewController.swift; sourceTree = "<group>"; };
		1BD93ED72230226200E09618 /* PageOutlineView.swift */ = {isa = PBXFileReference; lastKnownFileType = sourcecode.swift; path = PageOutlineView.swift; sourceTree = "<group>"; };
		1BE5C43A21827B9F004D4AA6 /* AVKit.framework */ = {isa = PBXFileReference; lastKnownFileType = wrapper.framework; name = AVKit.framework; path = System/Library/Frameworks/AVKit.framework; sourceTree = SDKROOT; };
		1BE5C43C21828022004D4AA6 /* AVFoundation.framework */ = {isa = PBXFileReference; lastKnownFileType = wrapper.framework; name = AVFoundation.framework; path = System/Library/Frameworks/AVFoundation.framework; sourceTree = SDKROOT; };
		1BF326612243FB0A005CE2DE /* FrameCellView.swift */ = {isa = PBXFileReference; lastKnownFileType = sourcecode.swift; path = FrameCellView.swift; sourceTree = "<group>"; };
		A2341AB3BC1FACE56F46154B /* Pods-Storybook Packager.release.xcconfig */ = {isa = PBXFileReference; includeInIndex = 1; lastKnownFileType = text.xcconfig; name = "Pods-Storybook Packager.release.xcconfig"; path = "Target Support Files/Pods-Storybook Packager/Pods-Storybook Packager.release.xcconfig"; sourceTree = "<group>"; };
		CF2A3B4EA0F939AF3506597B /* Pods_Storybook_Packager.framework */ = {isa = PBXFileReference; explicitFileType = wrapper.framework; includeInIndex = 0; path = Pods_Storybook_Packager.framework; sourceTree = BUILT_PRODUCTS_DIR; };
		D0093E731EC5C4ACC4037063 /* Pods-Storybook Packager.debug.xcconfig */ = {isa = PBXFileReference; includeInIndex = 1; lastKnownFileType = text.xcconfig; name = "Pods-Storybook Packager.debug.xcconfig"; path = "Target Support Files/Pods-Storybook Packager/Pods-Storybook Packager.debug.xcconfig"; sourceTree = "<group>"; };
/* End PBXFileReference section */

/* Begin PBXFrameworksBuildPhase section */
		1B3143C821482E0500E1D3BD /* Frameworks */ = {
			isa = PBXFrameworksBuildPhase;
			buildActionMask = 2147483647;
			files = (
				1BE5C43D21828022004D4AA6 /* AVFoundation.framework in Frameworks */,
				1BE5C43B21827B9F004D4AA6 /* AVKit.framework in Frameworks */,
				1AC9A7F5F78C3E6912CD4C49 /* Pods_Storybook_Packager.framework in Frameworks */,
			);
			runOnlyForDeploymentPostprocessing = 0;
		};
/* End PBXFrameworksBuildPhase section */

/* Begin PBXGroup section */
		1B0D557C220A2004008E5DED /* StartupWindow */ = {
			isa = PBXGroup;
			children = (
				1B0D557D220A2030008E5DED /* Startup.storyboard */,
				1B3143D021482E0500E1D3BD /* StartupViewController.swift */,
				1B0D557F220A223B008E5DED /* StartupWindowController.swift */,
				1BCC7C472150386F00E26D5A /* RecentProjectTableCellView.swift */,
			);
			path = StartupWindow;
			sourceTree = "<group>";
		};
		1B3143C221482E0500E1D3BD = {
			isa = PBXGroup;
			children = (
				1B3143CD21482E0500E1D3BD /* StorybookPackager */,
				1B3143CC21482E0500E1D3BD /* Products */,
				1B3143E0214832BA00E1D3BD /* Frameworks */,
				E3EA5061BF56F8E896B4E196 /* Pods */,
			);
			sourceTree = "<group>";
		};
		1B3143CC21482E0500E1D3BD /* Products */ = {
			isa = PBXGroup;
			children = (
				1B3143CB21482E0500E1D3BD /* Storybook Packager.app */,
			);
			name = Products;
			sourceTree = "<group>";
		};
		1B3143CD21482E0500E1D3BD /* StorybookPackager */ = {
			isa = PBXGroup;
			children = (
				1BB2CADF22249885002D2804 /* PageViews */,
				1BB2CADC22248AF4002D2804 /* FilesView */,
				1B0D557C220A2004008E5DED /* StartupWindow */,
				1BD4C06C220A0A47009257E6 /* PreferencesWindow */,
				1BD5344C21E3F4FB008B6A7D /* images */,
				1B81A1D421C854920061FD6D /* sbplus */,
				1B3143CE21482E0500E1D3BD /* AppDelegate.swift */,
				1B3143D221482E0500E1D3BD /* Document.swift */,
				1B98B038215EA394003D19A8 /* Constants.swift */,
				1BC96591215547D60007E2FE /* Utility.swift */,
				1B3143D621482E0700E1D3BD /* Main.storyboard */,
				1B76F77321BF40840090A311 /* ProjectWindowController.swift */,
				1B062560220CB8DC00C39E8D /* ProjectViewController.swift */,
				1B76F76F21BF07E80090A311 /* SettingsDialogController.swift */,
				1B76F77121BF09C90090A311 /* PropertiesDialogController.swift */,
				1BD93ED522301AB100E09618 /* PageOutlineViewController.swift */,
				1BD93ED72230226200E09618 /* PageOutlineView.swift */,
				1BB03A542232380B00C29079 /* PageOutlineTableRowView.swift */,
				1BD93ED32230185A00E09618 /* PageOutlineCellView.swift */,
				1B41E824222877A100A80AAC /* ImportDragDropBoxView.swift */,
				1B90D4942256AB3D00073634 /* BulkDropView.swift */,
				1B3143D421482E0700E1D3BD /* Assets.xcassets */,
				1B3143D921482E0700E1D3BD /* Info.plist */,
			);
			path = StorybookPackager;
			sourceTree = "<group>";
		};
		1B3143E0214832BA00E1D3BD /* Frameworks */ = {
			isa = PBXGroup;
			children = (
				1BE5C43C21828022004D4AA6 /* AVFoundation.framework */,
				1BE5C43A21827B9F004D4AA6 /* AVKit.framework */,
				CF2A3B4EA0F939AF3506597B /* Pods_Storybook_Packager.framework */,
			);
			name = Frameworks;
			sourceTree = "<group>";
		};
		1B81A1D421C854920061FD6D /* sbplus */ = {
			isa = PBXGroup;
			children = (
				1B81A1D521C854D70061FD6D /* index.html */,
			);
			path = sbplus;
			sourceTree = "<group>";
		};
		1BB2CADC22248AF4002D2804 /* FilesView */ = {
			isa = PBXGroup;
			children = (
				1B5890E42214A7C400640B08 /* DownloadablesViewController.swift */,
				1B4A49062216222A00B91F2B /* DroppableView.swift */,
				1B71782E222456E40037AC02 /* FilesViewController.swift */,
				1BB2CADD22248DA6002D2804 /* Assets.storyboard */,
			);
			path = FilesView;
			sourceTree = "<group>";
		};
		1BB2CADF22249885002D2804 /* PageViews */ = {
			isa = PBXGroup;
			children = (
				1BB2CAE0222498A0002D2804 /* Page.storyboard */,
				1BB2CAE2222498F9002D2804 /* PageViewController.swift */,
				1BD1F48422397D3600BA9D06 /* NotesViewController.swift */,
				1BD1F48A2239892E00BA9D06 /* ImageViewController.swift */,
				1B5748CA223AA69600B7AC62 /* WidgetsViewController.swift */,
				1BC13E30223BEB1F0021955C /* ImageAudioViewController.swift */,
				1BC13E32223C0BFD0021955C /* SBImageVIew.swift */,
				1BC13E34223C0C5B0021955C /* SBWebView.swift */,
				1BC13E36223C14800021955C /* VideoViewController.swift */,
				1BC13E38223C22F70021955C /* StreamingViewController.swift */,
				1B05A3D7223FDC6A0093F83D /* BundleViewController.swift */,
				1BF326612243FB0A005CE2DE /* FrameCellView.swift */,
				1B31D5B1224583540092FFED /* QuizViewController.swift */,
				1BD8B250224EAC0B00CB8B3F /* ShortAnswerViewController.swift */,
				1BD8B252224EB68600CB8B3F /* FillInTheBlankViewController.swift */,
				1BD8B254224EC1C300CB8B3F /* MultipleAnswerViewController.swift */,
				1B766DF12253C5DD0034F383 /* CorrectTabelCellView.swift */,
				1B766DF32253DE900034F383 /* MultipleChoiceViewController.swift */,
				1B766DF72253FFF20034F383 /* HtmlViewController.swift */,
			);
			path = PageViews;
			sourceTree = "<group>";
		};
		1BD4C06C220A0A47009257E6 /* PreferencesWindow */ = {
			isa = PBXGroup;
			children = (
				1BD4C068220A0848009257E6 /* Preferences.storyboard */,
				1BD4C06D220A0AFA009257E6 /* PreferencesWindowController.swift */,
				1BD4C071220A0C53009257E6 /* PreferencesViewController.swift */,
			);
			path = PreferencesWindow;
			sourceTree = "<group>";
		};
		1BD5344C21E3F4FB008B6A7D /* images */ = {
			isa = PBXGroup;
			children = (
				1BD5345421E40028008B6A7D /* page-img-ph.png */,
				1BD5345321E40028008B6A7D /* profile-img-ph.png */,
				1B04349D21F106E60003EA69 /* proj.icns */,
			);
			path = images;
			sourceTree = "<group>";
		};
		E3EA5061BF56F8E896B4E196 /* Pods */ = {
			isa = PBXGroup;
			children = (
				D0093E731EC5C4ACC4037063 /* Pods-Storybook Packager.debug.xcconfig */,
				A2341AB3BC1FACE56F46154B /* Pods-Storybook Packager.release.xcconfig */,
			);
			path = Pods;
			sourceTree = "<group>";
		};
/* End PBXGroup section */

/* Begin PBXNativeTarget section */
		1B3143CA21482E0500E1D3BD /* Storybook Packager */ = {
			isa = PBXNativeTarget;
			buildConfigurationList = 1B3143DD21482E0700E1D3BD /* Build configuration list for PBXNativeTarget "Storybook Packager" */;
			buildPhases = (
				BDB1E0CB91EE328C92CD3354 /* [CP] Check Pods Manifest.lock */,
				1B3143C721482E0500E1D3BD /* Sources */,
				1B3143C821482E0500E1D3BD /* Frameworks */,
				1B3143C921482E0500E1D3BD /* Resources */,
				1B0E5797219F633A00854BB1 /* Embed Frameworks */,
				1B0E5798219F639200854BB1 /* CopyFiles */,
				D72EA3E5D2182C2159D1EF86 /* [CP] Embed Pods Frameworks */,
			);
			buildRules = (
			);
			dependencies = (
			);
			name = "Storybook Packager";
			productName = StorybookPackager;
			productReference = 1B3143CB21482E0500E1D3BD /* Storybook Packager.app */;
			productType = "com.apple.product-type.application";
		};
/* End PBXNativeTarget section */

/* Begin PBXProject section */
		1B3143C321482E0500E1D3BD /* Project object */ = {
			isa = PBXProject;
			attributes = {
				LastSwiftUpdateCheck = 0940;
				LastUpgradeCheck = 0940;
				ORGANIZATIONNAME = "University of Wisconsin System";
				TargetAttributes = {
					1B3143CA21482E0500E1D3BD = {
						CreatedOnToolsVersion = 9.4.1;
						LastSwiftMigration = 1020;
						SystemCapabilities = {
							com.apple.Sandbox = {
								enabled = 0;
							};
						};
					};
				};
			};
			buildConfigurationList = 1B3143C621482E0500E1D3BD /* Build configuration list for PBXProject "Storybook Packager" */;
			compatibilityVersion = "Xcode 9.3";
			developmentRegion = en;
			hasScannedForEncodings = 0;
			knownRegions = (
				en,
				Base,
			);
			mainGroup = 1B3143C221482E0500E1D3BD;
			productRefGroup = 1B3143CC21482E0500E1D3BD /* Products */;
			projectDirPath = "";
			projectRoot = "";
			targets = (
				1B3143CA21482E0500E1D3BD /* Storybook Packager */,
			);
		};
/* End PBXProject section */

/* Begin PBXResourcesBuildPhase section */
		1B3143C921482E0500E1D3BD /* Resources */ = {
			isa = PBXResourcesBuildPhase;
			buildActionMask = 2147483647;
			files = (
				1B0D557E220A2030008E5DED /* Startup.storyboard in Resources */,
				1B3143D521482E0700E1D3BD /* Assets.xcassets in Resources */,
				1B04349E21F106E60003EA69 /* proj.icns in Resources */,
				1B81A1D621C854D70061FD6D /* index.html in Resources */,
				1BD4C069220A0848009257E6 /* Preferences.storyboard in Resources */,
				1B3143D821482E0700E1D3BD /* Main.storyboard in Resources */,
				1BD5345521E40028008B6A7D /* profile-img-ph.png in Resources */,
				1BD5345621E40028008B6A7D /* page-img-ph.png in Resources */,
				1BB2CADE22248DA6002D2804 /* Assets.storyboard in Resources */,
				1BB2CAE1222498A0002D2804 /* Page.storyboard in Resources */,
			);
			runOnlyForDeploymentPostprocessing = 0;
		};
/* End PBXResourcesBuildPhase section */

/* Begin PBXShellScriptBuildPhase section */
		BDB1E0CB91EE328C92CD3354 /* [CP] Check Pods Manifest.lock */ = {
			isa = PBXShellScriptBuildPhase;
			buildActionMask = 2147483647;
			files = (
			);
			inputFileListPaths = (
			);
			inputPaths = (
				"${PODS_PODFILE_DIR_PATH}/Podfile.lock",
				"${PODS_ROOT}/Manifest.lock",
			);
			name = "[CP] Check Pods Manifest.lock";
			outputFileListPaths = (
			);
			outputPaths = (
				"$(DERIVED_FILE_DIR)/Pods-Storybook Packager-checkManifestLockResult.txt",
			);
			runOnlyForDeploymentPostprocessing = 0;
			shellPath = /bin/sh;
			shellScript = "diff \"${PODS_PODFILE_DIR_PATH}/Podfile.lock\" \"${PODS_ROOT}/Manifest.lock\" > /dev/null\nif [ $? != 0 ] ; then\n    # print error to STDERR\n    echo \"error: The sandbox is not in sync with the Podfile.lock. Run 'pod install' or update your CocoaPods installation.\" >&2\n    exit 1\nfi\n# This output is used by Xcode 'outputs' to avoid re-running this script phase.\necho \"SUCCESS\" > \"${SCRIPT_OUTPUT_FILE_0}\"\n";
			showEnvVarsInLog = 0;
		};
		D72EA3E5D2182C2159D1EF86 /* [CP] Embed Pods Frameworks */ = {
			isa = PBXShellScriptBuildPhase;
			buildActionMask = 2147483647;
			files = (
			);
			inputFileListPaths = (
			);
			inputPaths = (
				"${PODS_ROOT}/Target Support Files/Pods-Storybook Packager/Pods-Storybook Packager-frameworks.sh",
				"${BUILT_PRODUCTS_DIR}/ReachabilitySwift/Reachability.framework",
				"${PODS_ROOT}/Sparkle/Sparkle.framework",
				"${PODS_ROOT}/Sparkle/Sparkle.framework.dSYM",
				"${BUILT_PRODUCTS_DIR}/sbplus-xml-parser/sbplus_xml_parser.framework",
			);
			name = "[CP] Embed Pods Frameworks";
			outputFileListPaths = (
			);
			outputPaths = (
				"${TARGET_BUILD_DIR}/${FRAMEWORKS_FOLDER_PATH}/Reachability.framework",
				"${TARGET_BUILD_DIR}/${FRAMEWORKS_FOLDER_PATH}/Sparkle.framework",
				"${DWARF_DSYM_FOLDER_PATH}/Sparkle.framework.dSYM",
				"${TARGET_BUILD_DIR}/${FRAMEWORKS_FOLDER_PATH}/sbplus_xml_parser.framework",
			);
			runOnlyForDeploymentPostprocessing = 0;
			shellPath = /bin/sh;
			shellScript = "\"${PODS_ROOT}/Target Support Files/Pods-Storybook Packager/Pods-Storybook Packager-frameworks.sh\"\n";
			showEnvVarsInLog = 0;
		};
/* End PBXShellScriptBuildPhase section */

/* Begin PBXSourcesBuildPhase section */
		1B3143C721482E0500E1D3BD /* Sources */ = {
			isa = PBXSourcesBuildPhase;
			buildActionMask = 2147483647;
			files = (
				1B90D4952256AB3D00073634 /* BulkDropView.swift in Sources */,
				1B76F77421BF40840090A311 /* ProjectWindowController.swift in Sources */,
				1BC96592215547D60007E2FE /* Utility.swift in Sources */,
				1BC13E33223C0BFD0021955C /* SBImageVIew.swift in Sources */,
				1BD4C06E220A0AFA009257E6 /* PreferencesWindowController.swift in Sources */,
				1BC13E37223C14800021955C /* VideoViewController.swift in Sources */,
				1B4A49072216222A00B91F2B /* DroppableView.swift in Sources */,
				1BD8B255224EC1C300CB8B3F /* MultipleAnswerViewController.swift in Sources */,
				1B5890E52214A7C400640B08 /* DownloadablesViewController.swift in Sources */,
				1BD1F48522397D3600BA9D06 /* NotesViewController.swift in Sources */,
				1BD8B251224EAC0B00CB8B3F /* ShortAnswerViewController.swift in Sources */,
				1B76F77021BF07E80090A311 /* SettingsDialogController.swift in Sources */,
				1B766DF42253DE910034F383 /* MultipleChoiceViewController.swift in Sources */,
				1B71782F222456E40037AC02 /* FilesViewController.swift in Sources */,
				1B98B039215EA394003D19A8 /* Constants.swift in Sources */,
				1B766DF22253C5DD0034F383 /* CorrectTabelCellView.swift in Sources */,
				1B76F77221BF09C90090A311 /* PropertiesDialogController.swift in Sources */,
				1BD1F48B2239892E00BA9D06 /* ImageViewController.swift in Sources */,
				1BD4C072220A0C53009257E6 /* PreferencesViewController.swift in Sources */,
				1BC13E31223BEB1F0021955C /* ImageAudioViewController.swift in Sources */,
				1BD93ED42230185A00E09618 /* PageOutlineCellView.swift in Sources */,
				1BB03A552232380B00C29079 /* PageOutlineTableRowView.swift in Sources */,
				1BC13E39223C22F70021955C /* StreamingViewController.swift in Sources */,
				1B5748CB223AA69600B7AC62 /* WidgetsViewController.swift in Sources */,
				1BD8B253224EB68600CB8B3F /* FillInTheBlankViewController.swift in Sources */,
				1BC13E35223C0C5B0021955C /* SBWebView.swift in Sources */,
				1B0D5580220A223B008E5DED /* StartupWindowController.swift in Sources */,
				1BB2CAE3222498F9002D2804 /* PageViewController.swift in Sources */,
				1B062561220CB8DC00C39E8D /* ProjectViewController.swift in Sources */,
				1B31D5B2224583540092FFED /* QuizViewController.swift in Sources */,
				1BCC7C482150386F00E26D5A /* RecentProjectTableCellView.swift in Sources */,
				1BF326622243FB0A005CE2DE /* FrameCellView.swift in Sources */,
				1B3143D121482E0500E1D3BD /* StartupViewController.swift in Sources */,
				1B05A3D8223FDC6A0093F83D /* BundleViewController.swift in Sources */,
				1B3143CF21482E0500E1D3BD /* AppDelegate.swift in Sources */,
				1B766DF82253FFF20034F383 /* HtmlViewController.swift in Sources */,
				1B41E825222877A100A80AAC /* ImportDragDropBoxView.swift in Sources */,
				1BD93ED82230226200E09618 /* PageOutlineView.swift in Sources */,
				1B3143D321482E0500E1D3BD /* Document.swift in Sources */,
				1BD93ED622301AB100E09618 /* PageOutlineViewController.swift in Sources */,
			);
			runOnlyForDeploymentPostprocessing = 0;
		};
/* End PBXSourcesBuildPhase section */

/* Begin PBXVariantGroup section */
		1B3143D621482E0700E1D3BD /* Main.storyboard */ = {
			isa = PBXVariantGroup;
			children = (
				1B3143D721482E0700E1D3BD /* Base */,
			);
			name = Main.storyboard;
			sourceTree = "<group>";
		};
/* End PBXVariantGroup section */

/* Begin XCBuildConfiguration section */
		1B3143DB21482E0700E1D3BD /* Debug */ = {
			isa = XCBuildConfiguration;
			buildSettings = {
				ALWAYS_SEARCH_USER_PATHS = NO;
				CLANG_ANALYZER_NONNULL = YES;
				CLANG_ANALYZER_NUMBER_OBJECT_CONVERSION = YES_AGGRESSIVE;
				CLANG_CXX_LANGUAGE_STANDARD = "gnu++14";
				CLANG_CXX_LIBRARY = "libc++";
				CLANG_ENABLE_MODULES = YES;
				CLANG_ENABLE_OBJC_ARC = YES;
				CLANG_ENABLE_OBJC_WEAK = YES;
				CLANG_WARN_BLOCK_CAPTURE_AUTORELEASING = YES;
				CLANG_WARN_BOOL_CONVERSION = YES;
				CLANG_WARN_COMMA = YES;
				CLANG_WARN_CONSTANT_CONVERSION = YES;
				CLANG_WARN_DEPRECATED_OBJC_IMPLEMENTATIONS = YES;
				CLANG_WARN_DIRECT_OBJC_ISA_USAGE = YES_ERROR;
				CLANG_WARN_DOCUMENTATION_COMMENTS = YES;
				CLANG_WARN_EMPTY_BODY = YES;
				CLANG_WARN_ENUM_CONVERSION = YES;
				CLANG_WARN_INFINITE_RECURSION = YES;
				CLANG_WARN_INT_CONVERSION = YES;
				CLANG_WARN_NON_LITERAL_NULL_CONVERSION = YES;
				CLANG_WARN_OBJC_IMPLICIT_RETAIN_SELF = YES;
				CLANG_WARN_OBJC_LITERAL_CONVERSION = YES;
				CLANG_WARN_OBJC_ROOT_CLASS = YES_ERROR;
				CLANG_WARN_RANGE_LOOP_ANALYSIS = YES;
				CLANG_WARN_STRICT_PROTOTYPES = YES;
				CLANG_WARN_SUSPICIOUS_MOVE = YES;
				CLANG_WARN_UNGUARDED_AVAILABILITY = YES_AGGRESSIVE;
				CLANG_WARN_UNREACHABLE_CODE = YES;
				CLANG_WARN__DUPLICATE_METHOD_MATCH = YES;
				CODE_SIGN_IDENTITY = "Mac Developer";
				COPY_PHASE_STRIP = NO;
				DEBUG_INFORMATION_FORMAT = dwarf;
				ENABLE_STRICT_OBJC_MSGSEND = YES;
				ENABLE_TESTABILITY = YES;
				GCC_C_LANGUAGE_STANDARD = gnu11;
				GCC_DYNAMIC_NO_PIC = NO;
				GCC_NO_COMMON_BLOCKS = YES;
				GCC_OPTIMIZATION_LEVEL = 0;
				GCC_PREPROCESSOR_DEFINITIONS = (
					"DEBUG=1",
					"$(inherited)",
				);
				GCC_WARN_64_TO_32_BIT_CONVERSION = YES;
				GCC_WARN_ABOUT_RETURN_TYPE = YES_ERROR;
				GCC_WARN_UNDECLARED_SELECTOR = YES;
				GCC_WARN_UNINITIALIZED_AUTOS = YES_AGGRESSIVE;
				GCC_WARN_UNUSED_FUNCTION = YES;
				GCC_WARN_UNUSED_VARIABLE = YES;
				MACOSX_DEPLOYMENT_TARGET = 10.13;
				MTL_ENABLE_DEBUG_INFO = YES;
				ONLY_ACTIVE_ARCH = YES;
				SDKROOT = macosx;
				SWIFT_ACTIVE_COMPILATION_CONDITIONS = DEBUG;
				SWIFT_OPTIMIZATION_LEVEL = "-Onone";
			};
			name = Debug;
		};
		1B3143DC21482E0700E1D3BD /* Release */ = {
			isa = XCBuildConfiguration;
			buildSettings = {
				ALWAYS_SEARCH_USER_PATHS = NO;
				CLANG_ANALYZER_NONNULL = YES;
				CLANG_ANALYZER_NUMBER_OBJECT_CONVERSION = YES_AGGRESSIVE;
				CLANG_CXX_LANGUAGE_STANDARD = "gnu++14";
				CLANG_CXX_LIBRARY = "libc++";
				CLANG_ENABLE_MODULES = YES;
				CLANG_ENABLE_OBJC_ARC = YES;
				CLANG_ENABLE_OBJC_WEAK = YES;
				CLANG_WARN_BLOCK_CAPTURE_AUTORELEASING = YES;
				CLANG_WARN_BOOL_CONVERSION = YES;
				CLANG_WARN_COMMA = YES;
				CLANG_WARN_CONSTANT_CONVERSION = YES;
				CLANG_WARN_DEPRECATED_OBJC_IMPLEMENTATIONS = YES;
				CLANG_WARN_DIRECT_OBJC_ISA_USAGE = YES_ERROR;
				CLANG_WARN_DOCUMENTATION_COMMENTS = YES;
				CLANG_WARN_EMPTY_BODY = YES;
				CLANG_WARN_ENUM_CONVERSION = YES;
				CLANG_WARN_INFINITE_RECURSION = YES;
				CLANG_WARN_INT_CONVERSION = YES;
				CLANG_WARN_NON_LITERAL_NULL_CONVERSION = YES;
				CLANG_WARN_OBJC_IMPLICIT_RETAIN_SELF = YES;
				CLANG_WARN_OBJC_LITERAL_CONVERSION = YES;
				CLANG_WARN_OBJC_ROOT_CLASS = YES_ERROR;
				CLANG_WARN_RANGE_LOOP_ANALYSIS = YES;
				CLANG_WARN_STRICT_PROTOTYPES = YES;
				CLANG_WARN_SUSPICIOUS_MOVE = YES;
				CLANG_WARN_UNGUARDED_AVAILABILITY = YES_AGGRESSIVE;
				CLANG_WARN_UNREACHABLE_CODE = YES;
				CLANG_WARN__DUPLICATE_METHOD_MATCH = YES;
				CODE_SIGN_IDENTITY = "Mac Developer";
				COPY_PHASE_STRIP = NO;
				DEBUG_INFORMATION_FORMAT = "dwarf-with-dsym";
				ENABLE_NS_ASSERTIONS = NO;
				ENABLE_STRICT_OBJC_MSGSEND = YES;
				GCC_C_LANGUAGE_STANDARD = gnu11;
				GCC_NO_COMMON_BLOCKS = YES;
				GCC_WARN_64_TO_32_BIT_CONVERSION = YES;
				GCC_WARN_ABOUT_RETURN_TYPE = YES_ERROR;
				GCC_WARN_UNDECLARED_SELECTOR = YES;
				GCC_WARN_UNINITIALIZED_AUTOS = YES_AGGRESSIVE;
				GCC_WARN_UNUSED_FUNCTION = YES;
				GCC_WARN_UNUSED_VARIABLE = YES;
				MACOSX_DEPLOYMENT_TARGET = 10.13;
				MTL_ENABLE_DEBUG_INFO = NO;
				SDKROOT = macosx;
				SWIFT_COMPILATION_MODE = wholemodule;
				SWIFT_OPTIMIZATION_LEVEL = "-O";
			};
			name = Release;
		};
		1B3143DE21482E0700E1D3BD /* Debug */ = {
			isa = XCBuildConfiguration;
			baseConfigurationReference = D0093E731EC5C4ACC4037063 /* Pods-Storybook Packager.debug.xcconfig */;
			buildSettings = {
				ASSETCATALOG_COMPILER_APPICON_NAME = AppIcon;
				CODE_SIGN_IDENTITY = "Mac Developer";
				CODE_SIGN_STYLE = Automatic;
				COMBINE_HIDPI_IMAGES = YES;
				DEVELOPMENT_TEAM = D8MAJNQ7E6;
				FRAMEWORK_SEARCH_PATHS = "$(inherited)";
				INFOPLIST_FILE = StorybookPackager/Info.plist;
				LD_RUNPATH_SEARCH_PATHS = (
					"$(inherited)",
					"@executable_path/../Frameworks",
				);
				MACOSX_DEPLOYMENT_TARGET = 10.13;
				PRODUCT_BUNDLE_IDENTIFIER = edu.uwex.media.StorybookPackager;
				PRODUCT_NAME = "$(TARGET_NAME)";
				PROVISIONING_PROFILE_SPECIFIER = "";
				SWIFT_VERSION = 5.0;
			};
			name = Debug;
		};
		1B3143DF21482E0700E1D3BD /* Release */ = {
			isa = XCBuildConfiguration;
			baseConfigurationReference = A2341AB3BC1FACE56F46154B /* Pods-Storybook Packager.release.xcconfig */;
			buildSettings = {
				ASSETCATALOG_COMPILER_APPICON_NAME = AppIcon;
				CODE_SIGN_IDENTITY = "Mac Developer";
				CODE_SIGN_STYLE = Automatic;
				COMBINE_HIDPI_IMAGES = YES;
				DEVELOPMENT_TEAM = D8MAJNQ7E6;
				FRAMEWORK_SEARCH_PATHS = "$(inherited)";
				INFOPLIST_FILE = StorybookPackager/Info.plist;
				LD_RUNPATH_SEARCH_PATHS = (
					"$(inherited)",
					"@executable_path/../Frameworks",
				);
				MACOSX_DEPLOYMENT_TARGET = 10.13;
				PRODUCT_BUNDLE_IDENTIFIER = edu.uwex.media.StorybookPackager;
				PRODUCT_NAME = "$(TARGET_NAME)";
				PROVISIONING_PROFILE_SPECIFIER = "";
				SWIFT_VERSION = 5.0;
			};
			name = Release;
		};
/* End XCBuildConfiguration section */

/* Begin XCConfigurationList section */
		1B3143C621482E0500E1D3BD /* Build configuration list for PBXProject "Storybook Packager" */ = {
			isa = XCConfigurationList;
			buildConfigurations = (
				1B3143DB21482E0700E1D3BD /* Debug */,
				1B3143DC21482E0700E1D3BD /* Release */,
			);
			defaultConfigurationIsVisible = 0;
			defaultConfigurationName = Release;
		};
		1B3143DD21482E0700E1D3BD /* Build configuration list for PBXNativeTarget "Storybook Packager" */ = {
			isa = XCConfigurationList;
			buildConfigurations = (
				1B3143DE21482E0700E1D3BD /* Debug */,
				1B3143DF21482E0700E1D3BD /* Release */,
			);
			defaultConfigurationIsVisible = 0;
			defaultConfigurationName = Release;
		};
/* End XCConfigurationList section */
	};
	rootObject = 1B3143C321482E0500E1D3BD /* Project object */;
}
