// !$*UTF8*$!
{
	archiveVersion = 1;
	classes = {
	};
	objectVersion = 50;
	objects = {

/* Begin PBXBuildFile section */
		1B3143CF21482E0500E1D3BD /* AppDelegate.swift in Sources */ = {isa = PBXBuildFile; fileRef = 1B3143CE21482E0500E1D3BD /* AppDelegate.swift */; };
		1B3143D121482E0500E1D3BD /* StartViewController.swift in Sources */ = {isa = PBXBuildFile; fileRef = 1B3143D021482E0500E1D3BD /* StartViewController.swift */; };
		1B3143D321482E0500E1D3BD /* Document.swift in Sources */ = {isa = PBXBuildFile; fileRef = 1B3143D221482E0500E1D3BD /* Document.swift */; };
		1B3143D521482E0700E1D3BD /* Assets.xcassets in Resources */ = {isa = PBXBuildFile; fileRef = 1B3143D421482E0700E1D3BD /* Assets.xcassets */; };
		1B3143D821482E0700E1D3BD /* Main.storyboard in Resources */ = {isa = PBXBuildFile; fileRef = 1B3143D621482E0700E1D3BD /* Main.storyboard */; };
		1B3143E42148330D00E1D3BD /* SbPlusXmlManager.framework.dSYM in Resources */ = {isa = PBXBuildFile; fileRef = 1B3143E32148330D00E1D3BD /* SbPlusXmlManager.framework.dSYM */; };
		1B3143E5214834E400E1D3BD /* SbPlusXmlManager.framework in Frameworks */ = {isa = PBXBuildFile; fileRef = 1B3143E1214832BA00E1D3BD /* SbPlusXmlManager.framework */; };
		1B3143E6214834E400E1D3BD /* SbPlusXmlManager.framework in Embed Frameworks */ = {isa = PBXBuildFile; fileRef = 1B3143E1214832BA00E1D3BD /* SbPlusXmlManager.framework */; settings = {ATTRIBUTES = (CodeSignOnCopy, RemoveHeadersOnCopy, ); }; };
		1BB62B2C21484C3F00A118E9 /* PresentationViewController.swift in Sources */ = {isa = PBXBuildFile; fileRef = 1BB62B2B21484C3F00A118E9 /* PresentationViewController.swift */; };
		1BC96592215547D60007E2FE /* Utility.swift in Sources */ = {isa = PBXBuildFile; fileRef = 1BC96591215547D60007E2FE /* Utility.swift */; };
		1BCC7C482150386F00E26D5A /* RecentProjectTableCellView.swift in Sources */ = {isa = PBXBuildFile; fileRef = 1BCC7C472150386F00E26D5A /* RecentProjectTableCellView.swift */; };
		1BE710D6214B02E900EB0D68 /* NewPresentationDialogController.swift in Sources */ = {isa = PBXBuildFile; fileRef = 1BE710D5214B02E900EB0D68 /* NewPresentationDialogController.swift */; };
/* End PBXBuildFile section */

/* Begin PBXCopyFilesBuildPhase section */
		1B3143E7214834E400E1D3BD /* Embed Frameworks */ = {
			isa = PBXCopyFilesBuildPhase;
			buildActionMask = 2147483647;
			dstPath = "";
			dstSubfolderSpec = 10;
			files = (
				1B3143E6214834E400E1D3BD /* SbPlusXmlManager.framework in Embed Frameworks */,
			);
			name = "Embed Frameworks";
			runOnlyForDeploymentPostprocessing = 0;
		};
/* End PBXCopyFilesBuildPhase section */

/* Begin PBXFileReference section */
		1B3143CB21482E0500E1D3BD /* Storybook Packager.app */ = {isa = PBXFileReference; explicitFileType = wrapper.application; includeInIndex = 0; path = "Storybook Packager.app"; sourceTree = BUILT_PRODUCTS_DIR; };
		1B3143CE21482E0500E1D3BD /* AppDelegate.swift */ = {isa = PBXFileReference; lastKnownFileType = sourcecode.swift; path = AppDelegate.swift; sourceTree = "<group>"; };
		1B3143D021482E0500E1D3BD /* StartViewController.swift */ = {isa = PBXFileReference; lastKnownFileType = sourcecode.swift; path = StartViewController.swift; sourceTree = "<group>"; };
		1B3143D221482E0500E1D3BD /* Document.swift */ = {isa = PBXFileReference; lastKnownFileType = sourcecode.swift; path = Document.swift; sourceTree = "<group>"; };
		1B3143D421482E0700E1D3BD /* Assets.xcassets */ = {isa = PBXFileReference; lastKnownFileType = folder.assetcatalog; path = Assets.xcassets; sourceTree = "<group>"; };
		1B3143D721482E0700E1D3BD /* Base */ = {isa = PBXFileReference; lastKnownFileType = file.storyboard; name = Base; path = Base.lproj/Main.storyboard; sourceTree = "<group>"; };
		1B3143D921482E0700E1D3BD /* Info.plist */ = {isa = PBXFileReference; lastKnownFileType = text.plist.xml; path = Info.plist; sourceTree = "<group>"; };
		1B3143E1214832BA00E1D3BD /* SbPlusXmlManager.framework */ = {isa = PBXFileReference; lastKnownFileType = wrapper.framework; name = SbPlusXmlManager.framework; path = Carthage/Build/Mac/SbPlusXmlManager.framework; sourceTree = "<group>"; };
		1B3143E32148330D00E1D3BD /* SbPlusXmlManager.framework.dSYM */ = {isa = PBXFileReference; lastKnownFileType = wrapper.dsym; name = SbPlusXmlManager.framework.dSYM; path = Carthage/Build/Mac/SbPlusXmlManager.framework.dSYM; sourceTree = "<group>"; };
		1BB62B2B21484C3F00A118E9 /* PresentationViewController.swift */ = {isa = PBXFileReference; lastKnownFileType = sourcecode.swift; path = PresentationViewController.swift; sourceTree = "<group>"; };
		1BC96591215547D60007E2FE /* Utility.swift */ = {isa = PBXFileReference; lastKnownFileType = sourcecode.swift; path = Utility.swift; sourceTree = "<group>"; };
		1BCC7C472150386F00E26D5A /* RecentProjectTableCellView.swift */ = {isa = PBXFileReference; lastKnownFileType = sourcecode.swift; path = RecentProjectTableCellView.swift; sourceTree = "<group>"; };
		1BE708FA214C5E1D004CF4D9 /* Storybook Packager.entitlements */ = {isa = PBXFileReference; lastKnownFileType = text.plist.entitlements; path = "Storybook Packager.entitlements"; sourceTree = "<group>"; };
		1BE710D5214B02E900EB0D68 /* NewPresentationDialogController.swift */ = {isa = PBXFileReference; lastKnownFileType = sourcecode.swift; path = NewPresentationDialogController.swift; sourceTree = "<group>"; };
/* End PBXFileReference section */

/* Begin PBXFrameworksBuildPhase section */
		1B3143C821482E0500E1D3BD /* Frameworks */ = {
			isa = PBXFrameworksBuildPhase;
			buildActionMask = 2147483647;
			files = (
				1B3143E5214834E400E1D3BD /* SbPlusXmlManager.framework in Frameworks */,
			);
			runOnlyForDeploymentPostprocessing = 0;
		};
/* End PBXFrameworksBuildPhase section */

/* Begin PBXGroup section */
		1B3143C221482E0500E1D3BD = {
			isa = PBXGroup;
			children = (
				1BE708FA214C5E1D004CF4D9 /* Storybook Packager.entitlements */,
				1B3143E32148330D00E1D3BD /* SbPlusXmlManager.framework.dSYM */,
				1B3143CD21482E0500E1D3BD /* StorybookPackager */,
				1B3143CC21482E0500E1D3BD /* Products */,
				1B3143E0214832BA00E1D3BD /* Frameworks */,
			);
			sourceTree = "<group>";
		};
		1B3143CC21482E0500E1D3BD /* Products */ = {
			isa = PBXGroup;
			children = (
				1B3143CB21482E0500E1D3BD /* Storybook Packager.app */,
			);
			name = Products;
			sourceTree = "<group>";
		};
		1B3143CD21482E0500E1D3BD /* StorybookPackager */ = {
			isa = PBXGroup;
			children = (
				1B3143CE21482E0500E1D3BD /* AppDelegate.swift */,
				1B3143D021482E0500E1D3BD /* StartViewController.swift */,
				1B3143D221482E0500E1D3BD /* Document.swift */,
				1B3143D421482E0700E1D3BD /* Assets.xcassets */,
				1B3143D621482E0700E1D3BD /* Main.storyboard */,
				1BCC7C472150386F00E26D5A /* RecentProjectTableCellView.swift */,
				1BE710D5214B02E900EB0D68 /* NewPresentationDialogController.swift */,
				1BB62B2B21484C3F00A118E9 /* PresentationViewController.swift */,
				1B3143D921482E0700E1D3BD /* Info.plist */,
				1BC96591215547D60007E2FE /* Utility.swift */,
			);
			path = StorybookPackager;
			sourceTree = "<group>";
		};
		1B3143E0214832BA00E1D3BD /* Frameworks */ = {
			isa = PBXGroup;
			children = (
				1B3143E1214832BA00E1D3BD /* SbPlusXmlManager.framework */,
			);
			name = Frameworks;
			sourceTree = "<group>";
		};
/* End PBXGroup section */

/* Begin PBXNativeTarget section */
		1B3143CA21482E0500E1D3BD /* Storybook Packager */ = {
			isa = PBXNativeTarget;
			buildConfigurationList = 1B3143DD21482E0700E1D3BD /* Build configuration list for PBXNativeTarget "Storybook Packager" */;
			buildPhases = (
				1B3143C721482E0500E1D3BD /* Sources */,
				1B3143C821482E0500E1D3BD /* Frameworks */,
				1B3143C921482E0500E1D3BD /* Resources */,
				1B3143E7214834E400E1D3BD /* Embed Frameworks */,
			);
			buildRules = (
			);
			dependencies = (
			);
			name = "Storybook Packager";
			productName = StorybookPackager;
			productReference = 1B3143CB21482E0500E1D3BD /* Storybook Packager.app */;
			productType = "com.apple.product-type.application";
		};
/* End PBXNativeTarget section */

/* Begin PBXProject section */
		1B3143C321482E0500E1D3BD /* Project object */ = {
			isa = PBXProject;
			attributes = {
				LastSwiftUpdateCheck = 0940;
				LastUpgradeCheck = 0940;
				ORGANIZATIONNAME = "University of Wisconsin System";
				TargetAttributes = {
					1B3143CA21482E0500E1D3BD = {
						CreatedOnToolsVersion = 9.4.1;
						LastSwiftMigration = 1000;
						SystemCapabilities = {
							com.apple.Sandbox = {
								enabled = 0;
							};
						};
					};
				};
			};
			buildConfigurationList = 1B3143C621482E0500E1D3BD /* Build configuration list for PBXProject "Storybook Packager" */;
			compatibilityVersion = "Xcode 9.3";
			developmentRegion = en;
			hasScannedForEncodings = 0;
			knownRegions = (
				en,
				Base,
			);
			mainGroup = 1B3143C221482E0500E1D3BD;
			productRefGroup = 1B3143CC21482E0500E1D3BD /* Products */;
			projectDirPath = "";
			projectRoot = "";
			targets = (
				1B3143CA21482E0500E1D3BD /* Storybook Packager */,
			);
		};
/* End PBXProject section */

/* Begin PBXResourcesBuildPhase section */
		1B3143C921482E0500E1D3BD /* Resources */ = {
			isa = PBXResourcesBuildPhase;
			buildActionMask = 2147483647;
			files = (
				1B3143D521482E0700E1D3BD /* Assets.xcassets in Resources */,
				1B3143D821482E0700E1D3BD /* Main.storyboard in Resources */,
				1B3143E42148330D00E1D3BD /* SbPlusXmlManager.framework.dSYM in Resources */,
			);
			runOnlyForDeploymentPostprocessing = 0;
		};
/* End PBXResourcesBuildPhase section */

/* Begin PBXSourcesBuildPhase section */
		1B3143C721482E0500E1D3BD /* Sources */ = {
			isa = PBXSourcesBuildPhase;
			buildActionMask = 2147483647;
			files = (
				1BC96592215547D60007E2FE /* Utility.swift in Sources */,
				1BB62B2C21484C3F00A118E9 /* PresentationViewController.swift in Sources */,
				1BE710D6214B02E900EB0D68 /* NewPresentationDialogController.swift in Sources */,
				1BCC7C482150386F00E26D5A /* RecentProjectTableCellView.swift in Sources */,
				1B3143D121482E0500E1D3BD /* StartViewController.swift in Sources */,
				1B3143CF21482E0500E1D3BD /* AppDelegate.swift in Sources */,
				1B3143D321482E0500E1D3BD /* Document.swift in Sources */,
			);
			runOnlyForDeploymentPostprocessing = 0;
		};
/* End PBXSourcesBuildPhase section */

/* Begin PBXVariantGroup section */
		1B3143D621482E0700E1D3BD /* Main.storyboard */ = {
			isa = PBXVariantGroup;
			children = (
				1B3143D721482E0700E1D3BD /* Base */,
			);
			name = Main.storyboard;
			sourceTree = "<group>";
		};
/* End PBXVariantGroup section */

/* Begin XCBuildConfiguration section */
		1B3143DB21482E0700E1D3BD /* Debug */ = {
			isa = XCBuildConfiguration;
			buildSettings = {
				ALWAYS_SEARCH_USER_PATHS = NO;
				CLANG_ANALYZER_NONNULL = YES;
				CLANG_ANALYZER_NUMBER_OBJECT_CONVERSION = YES_AGGRESSIVE;
				CLANG_CXX_LANGUAGE_STANDARD = "gnu++14";
				CLANG_CXX_LIBRARY = "libc++";
				CLANG_ENABLE_MODULES = YES;
				CLANG_ENABLE_OBJC_ARC = YES;
				CLANG_ENABLE_OBJC_WEAK = YES;
				CLANG_WARN_BLOCK_CAPTURE_AUTORELEASING = YES;
				CLANG_WARN_BOOL_CONVERSION = YES;
				CLANG_WARN_COMMA = YES;
				CLANG_WARN_CONSTANT_CONVERSION = YES;
				CLANG_WARN_DEPRECATED_OBJC_IMPLEMENTATIONS = YES;
				CLANG_WARN_DIRECT_OBJC_ISA_USAGE = YES_ERROR;
				CLANG_WARN_DOCUMENTATION_COMMENTS = YES;
				CLANG_WARN_EMPTY_BODY = YES;
				CLANG_WARN_ENUM_CONVERSION = YES;
				CLANG_WARN_INFINITE_RECURSION = YES;
				CLANG_WARN_INT_CONVERSION = YES;
				CLANG_WARN_NON_LITERAL_NULL_CONVERSION = YES;
				CLANG_WARN_OBJC_IMPLICIT_RETAIN_SELF = YES;
				CLANG_WARN_OBJC_LITERAL_CONVERSION = YES;
				CLANG_WARN_OBJC_ROOT_CLASS = YES_ERROR;
				CLANG_WARN_RANGE_LOOP_ANALYSIS = YES;
				CLANG_WARN_STRICT_PROTOTYPES = YES;
				CLANG_WARN_SUSPICIOUS_MOVE = YES;
				CLANG_WARN_UNGUARDED_AVAILABILITY = YES_AGGRESSIVE;
				CLANG_WARN_UNREACHABLE_CODE = YES;
				CLANG_WARN__DUPLICATE_METHOD_MATCH = YES;
				CODE_SIGN_IDENTITY = "Mac Developer";
				COPY_PHASE_STRIP = NO;
				DEBUG_INFORMATION_FORMAT = dwarf;
				ENABLE_STRICT_OBJC_MSGSEND = YES;
				ENABLE_TESTABILITY = YES;
				GCC_C_LANGUAGE_STANDARD = gnu11;
				GCC_DYNAMIC_NO_PIC = NO;
				GCC_NO_COMMON_BLOCKS = YES;
				GCC_OPTIMIZATION_LEVEL = 0;
				GCC_PREPROCESSOR_DEFINITIONS = (
					"DEBUG=1",
					"$(inherited)",
				);
				GCC_WARN_64_TO_32_BIT_CONVERSION = YES;
				GCC_WARN_ABOUT_RETURN_TYPE = YES_ERROR;
				GCC_WARN_UNDECLARED_SELECTOR = YES;
				GCC_WARN_UNINITIALIZED_AUTOS = YES_AGGRESSIVE;
				GCC_WARN_UNUSED_FUNCTION = YES;
				GCC_WARN_UNUSED_VARIABLE = YES;
				MACOSX_DEPLOYMENT_TARGET = 10.12;
				MTL_ENABLE_DEBUG_INFO = YES;
				ONLY_ACTIVE_ARCH = YES;
				SDKROOT = macosx;
				SWIFT_ACTIVE_COMPILATION_CONDITIONS = DEBUG;
				SWIFT_OPTIMIZATION_LEVEL = "-Onone";
			};
			name = Debug;
		};
		1B3143DC21482E0700E1D3BD /* Release */ = {
			isa = XCBuildConfiguration;
			buildSettings = {
				ALWAYS_SEARCH_USER_PATHS = NO;
				CLANG_ANALYZER_NONNULL = YES;
				CLANG_ANALYZER_NUMBER_OBJECT_CONVERSION = YES_AGGRESSIVE;
				CLANG_CXX_LANGUAGE_STANDARD = "gnu++14";
				CLANG_CXX_LIBRARY = "libc++";
				CLANG_ENABLE_MODULES = YES;
				CLANG_ENABLE_OBJC_ARC = YES;
				CLANG_ENABLE_OBJC_WEAK = YES;
				CLANG_WARN_BLOCK_CAPTURE_AUTORELEASING = YES;
				CLANG_WARN_BOOL_CONVERSION = YES;
				CLANG_WARN_COMMA = YES;
				CLANG_WARN_CONSTANT_CONVERSION = YES;
				CLANG_WARN_DEPRECATED_OBJC_IMPLEMENTATIONS = YES;
				CLANG_WARN_DIRECT_OBJC_ISA_USAGE = YES_ERROR;
				CLANG_WARN_DOCUMENTATION_COMMENTS = YES;
				CLANG_WARN_EMPTY_BODY = YES;
				CLANG_WARN_ENUM_CONVERSION = YES;
				CLANG_WARN_INFINITE_RECURSION = YES;
				CLANG_WARN_INT_CONVERSION = YES;
				CLANG_WARN_NON_LITERAL_NULL_CONVERSION = YES;
				CLANG_WARN_OBJC_IMPLICIT_RETAIN_SELF = YES;
				CLANG_WARN_OBJC_LITERAL_CONVERSION = YES;
				CLANG_WARN_OBJC_ROOT_CLASS = YES_ERROR;
				CLANG_WARN_RANGE_LOOP_ANALYSIS = YES;
				CLANG_WARN_STRICT_PROTOTYPES = YES;
				CLANG_WARN_SUSPICIOUS_MOVE = YES;
				CLANG_WARN_UNGUARDED_AVAILABILITY = YES_AGGRESSIVE;
				CLANG_WARN_UNREACHABLE_CODE = YES;
				CLANG_WARN__DUPLICATE_METHOD_MATCH = YES;
				CODE_SIGN_IDENTITY = "Mac Developer";
				COPY_PHASE_STRIP = NO;
				DEBUG_INFORMATION_FORMAT = "dwarf-with-dsym";
				ENABLE_NS_ASSERTIONS = NO;
				ENABLE_STRICT_OBJC_MSGSEND = YES;
				GCC_C_LANGUAGE_STANDARD = gnu11;
				GCC_NO_COMMON_BLOCKS = YES;
				GCC_WARN_64_TO_32_BIT_CONVERSION = YES;
				GCC_WARN_ABOUT_RETURN_TYPE = YES_ERROR;
				GCC_WARN_UNDECLARED_SELECTOR = YES;
				GCC_WARN_UNINITIALIZED_AUTOS = YES_AGGRESSIVE;
				GCC_WARN_UNUSED_FUNCTION = YES;
				GCC_WARN_UNUSED_VARIABLE = YES;
				MACOSX_DEPLOYMENT_TARGET = 10.12;
				MTL_ENABLE_DEBUG_INFO = NO;
				SDKROOT = macosx;
				SWIFT_COMPILATION_MODE = wholemodule;
				SWIFT_OPTIMIZATION_LEVEL = "-O";
			};
			name = Release;
		};
		1B3143DE21482E0700E1D3BD /* Debug */ = {
			isa = XCBuildConfiguration;
			buildSettings = {
				ASSETCATALOG_COMPILER_APPICON_NAME = AppIcon;
				CODE_SIGN_STYLE = Automatic;
				COMBINE_HIDPI_IMAGES = YES;
				DEVELOPMENT_TEAM = D8MAJNQ7E6;
				FRAMEWORK_SEARCH_PATHS = (
					"$(inherited)",
					"$(PROJECT_DIR)/Carthage/Build/Mac",
				);
				INFOPLIST_FILE = StorybookPackager/Info.plist;
				LD_RUNPATH_SEARCH_PATHS = (
					"$(inherited)",
					"@executable_path/../Frameworks",
				);
				PRODUCT_BUNDLE_IDENTIFIER = com.uwex.media.StorybookPackager;
				PRODUCT_NAME = "$(TARGET_NAME)";
				SWIFT_VERSION = 4.2;
			};
			name = Debug;
		};
		1B3143DF21482E0700E1D3BD /* Release */ = {
			isa = XCBuildConfiguration;
			buildSettings = {
				ASSETCATALOG_COMPILER_APPICON_NAME = AppIcon;
				CODE_SIGN_STYLE = Automatic;
				COMBINE_HIDPI_IMAGES = YES;
				DEVELOPMENT_TEAM = D8MAJNQ7E6;
				FRAMEWORK_SEARCH_PATHS = (
					"$(inherited)",
					"$(PROJECT_DIR)/Carthage/Build/Mac",
				);
				INFOPLIST_FILE = StorybookPackager/Info.plist;
				LD_RUNPATH_SEARCH_PATHS = (
					"$(inherited)",
					"@executable_path/../Frameworks",
				);
				PRODUCT_BUNDLE_IDENTIFIER = com.uwex.media.StorybookPackager;
				PRODUCT_NAME = "$(TARGET_NAME)";
				SWIFT_VERSION = 4.2;
			};
			name = Release;
		};
/* End XCBuildConfiguration section */

/* Begin XCConfigurationList section */
		1B3143C621482E0500E1D3BD /* Build configuration list for PBXProject "Storybook Packager" */ = {
			isa = XCConfigurationList;
			buildConfigurations = (
				1B3143DB21482E0700E1D3BD /* Debug */,
				1B3143DC21482E0700E1D3BD /* Release */,
			);
			defaultConfigurationIsVisible = 0;
			defaultConfigurationName = Release;
		};
		1B3143DD21482E0700E1D3BD /* Build configuration list for PBXNativeTarget "Storybook Packager" */ = {
			isa = XCConfigurationList;
			buildConfigurations = (
				1B3143DE21482E0700E1D3BD /* Debug */,
				1B3143DF21482E0700E1D3BD /* Release */,
			);
			defaultConfigurationIsVisible = 0;
			defaultConfigurationName = Release;
		};
/* End XCConfigurationList section */
	};
	rootObject = 1B3143C321482E0500E1D3BD /* Project object */;
}
