// !$*UTF8*$!
{
	archiveVersion = 1;
	classes = {
	};
	objectVersion = 50;
	objects = {

/* Begin PBXBuildFile section */
		1B0E579A219F63A900854BB1 /* SbXmlParser.framework.dSYM in CopyFiles */ = {isa = PBXBuildFile; fileRef = 1B0E5799219F63A900854BB1 /* SbXmlParser.framework.dSYM */; };
		1B3143CF21482E0500E1D3BD /* AppDelegate.swift in Sources */ = {isa = PBXBuildFile; fileRef = 1B3143CE21482E0500E1D3BD /* AppDelegate.swift */; };
		1B3143D121482E0500E1D3BD /* StartViewController.swift in Sources */ = {isa = PBXBuildFile; fileRef = 1B3143D021482E0500E1D3BD /* StartViewController.swift */; };
		1B3143D321482E0500E1D3BD /* Document.swift in Sources */ = {isa = PBXBuildFile; fileRef = 1B3143D221482E0500E1D3BD /* Document.swift */; };
		1B3143D521482E0700E1D3BD /* Assets.xcassets in Resources */ = {isa = PBXBuildFile; fileRef = 1B3143D421482E0700E1D3BD /* Assets.xcassets */; };
		1B3143D821482E0700E1D3BD /* Main.storyboard in Resources */ = {isa = PBXBuildFile; fileRef = 1B3143D621482E0700E1D3BD /* Main.storyboard */; };
		1B34E31721656FC4002EEAA3 /* KalturaViewItem.swift in Sources */ = {isa = PBXBuildFile; fileRef = 1B34E31521656FC4002EEAA3 /* KalturaViewItem.swift */; };
		1B34E31821656FC4002EEAA3 /* KalturaViewItem.xib in Resources */ = {isa = PBXBuildFile; fileRef = 1B34E31621656FC4002EEAA3 /* KalturaViewItem.xib */; };
		1B4BF9B321935620009926D6 /* PrefsViewController.swift in Sources */ = {isa = PBXBuildFile; fileRef = 1B4BF9B221935620009926D6 /* PrefsViewController.swift */; };
		1B5B9DAF219F66E6002DB0F9 /* SbXmlParser.framework in Frameworks */ = {isa = PBXBuildFile; fileRef = 1B5B9DAE219F66E6002DB0F9 /* SbXmlParser.framework */; };
		1B5B9DB0219F66E6002DB0F9 /* SbXmlParser.framework in Embed Frameworks */ = {isa = PBXBuildFile; fileRef = 1B5B9DAE219F66E6002DB0F9 /* SbXmlParser.framework */; settings = {ATTRIBUTES = (CodeSignOnCopy, RemoveHeadersOnCopy, ); }; };
		1B68ED892194BEFB0087DD2A /* sb_wand.icns in Resources */ = {isa = PBXBuildFile; fileRef = 1B68ED882194BEFB0087DD2A /* sb_wand.icns */; };
		1B698B4621C3001500CA67FE /* SectionViewItem.swift in Sources */ = {isa = PBXBuildFile; fileRef = 1B698B4421C3001500CA67FE /* SectionViewItem.swift */; };
		1B698B4721C3001500CA67FE /* SectionViewItem.xib in Resources */ = {isa = PBXBuildFile; fileRef = 1B698B4521C3001500CA67FE /* SectionViewItem.xib */; };
		1B698B4A21C31B1F00CA67FE /* EmptyViewItem.swift in Sources */ = {isa = PBXBuildFile; fileRef = 1B698B4821C31B1F00CA67FE /* EmptyViewItem.swift */; };
		1B698B4B21C31B1F00CA67FE /* EmptyViewItem.xib in Resources */ = {isa = PBXBuildFile; fileRef = 1B698B4921C31B1F00CA67FE /* EmptyViewItem.xib */; };
		1B76F77021BF07E80090A311 /* SettingsDialogController.swift in Sources */ = {isa = PBXBuildFile; fileRef = 1B76F76F21BF07E80090A311 /* SettingsDialogController.swift */; };
		1B76F77221BF09C90090A311 /* PropertiesDialogController.swift in Sources */ = {isa = PBXBuildFile; fileRef = 1B76F77121BF09C90090A311 /* PropertiesDialogController.swift */; };
		1B76F77421BF40840090A311 /* ProjectWindowController.swift in Sources */ = {isa = PBXBuildFile; fileRef = 1B76F77321BF40840090A311 /* ProjectWindowController.swift */; };
		1B81A1CD21C823180061FD6D /* ImageViewItem.xib in Resources */ = {isa = PBXBuildFile; fileRef = 1B81A1CC21C823180061FD6D /* ImageViewItem.xib */; };
		1B81A1CF21C823230061FD6D /* ImageViewItem.swift in Sources */ = {isa = PBXBuildFile; fileRef = 1B81A1CE21C823230061FD6D /* ImageViewItem.swift */; };
		1B98B039215EA394003D19A8 /* Constants.swift in Sources */ = {isa = PBXBuildFile; fileRef = 1B98B038215EA394003D19A8 /* Constants.swift */; };
		1BB62B2C21484C3F00A118E9 /* PresentationViewController.swift in Sources */ = {isa = PBXBuildFile; fileRef = 1BB62B2B21484C3F00A118E9 /* PresentationViewController.swift */; };
		1BC639E0218B89EF00CD08F2 /* PageViewItem.swift in Sources */ = {isa = PBXBuildFile; fileRef = 1BC639DE218B89EF00CD08F2 /* PageViewItem.swift */; };
		1BC639E1218B89EF00CD08F2 /* PageViewItem.xib in Resources */ = {isa = PBXBuildFile; fileRef = 1BC639DF218B89EF00CD08F2 /* PageViewItem.xib */; };
		1BC96592215547D60007E2FE /* Utility.swift in Sources */ = {isa = PBXBuildFile; fileRef = 1BC96591215547D60007E2FE /* Utility.swift */; };
		1BCC7C482150386F00E26D5A /* RecentProjectTableCellView.swift in Sources */ = {isa = PBXBuildFile; fileRef = 1BCC7C472150386F00E26D5A /* RecentProjectTableCellView.swift */; };
		1BD4047A21C1C21600790878 /* PageSectionItem.swift in Sources */ = {isa = PBXBuildFile; fileRef = 1BD4047821C1C21600790878 /* PageSectionItem.swift */; };
		1BD4047B21C1C21600790878 /* PageSectionItem.xib in Resources */ = {isa = PBXBuildFile; fileRef = 1BD4047921C1C21600790878 /* PageSectionItem.xib */; };
		1BE5C43B21827B9F004D4AA6 /* AVKit.framework in Frameworks */ = {isa = PBXBuildFile; fileRef = 1BE5C43A21827B9F004D4AA6 /* AVKit.framework */; };
		1BE5C43D21828022004D4AA6 /* AVFoundation.framework in Frameworks */ = {isa = PBXBuildFile; fileRef = 1BE5C43C21828022004D4AA6 /* AVFoundation.framework */; };
/* End PBXBuildFile section */

/* Begin PBXCopyFilesBuildPhase section */
		1B0E5797219F633A00854BB1 /* Embed Frameworks */ = {
			isa = PBXCopyFilesBuildPhase;
			buildActionMask = 2147483647;
			dstPath = "";
			dstSubfolderSpec = 10;
			files = (
				1B5B9DB0219F66E6002DB0F9 /* SbXmlParser.framework in Embed Frameworks */,
			);
			name = "Embed Frameworks";
			runOnlyForDeploymentPostprocessing = 0;
		};
		1B0E5798219F639200854BB1 /* CopyFiles */ = {
			isa = PBXCopyFilesBuildPhase;
			buildActionMask = 2147483647;
			dstPath = "";
			dstSubfolderSpec = 16;
			files = (
				1B0E579A219F63A900854BB1 /* SbXmlParser.framework.dSYM in CopyFiles */,
			);
			runOnlyForDeploymentPostprocessing = 0;
		};
/* End PBXCopyFilesBuildPhase section */

/* Begin PBXFileReference section */
		1B0E5799219F63A900854BB1 /* SbXmlParser.framework.dSYM */ = {isa = PBXFileReference; lastKnownFileType = wrapper.dsym; name = SbXmlParser.framework.dSYM; path = Carthage/Build/Mac/SbXmlParser.framework.dSYM; sourceTree = "<group>"; };
		1B3143CB21482E0500E1D3BD /* Storybook Packager.app */ = {isa = PBXFileReference; explicitFileType = wrapper.application; includeInIndex = 0; path = "Storybook Packager.app"; sourceTree = BUILT_PRODUCTS_DIR; };
		1B3143CE21482E0500E1D3BD /* AppDelegate.swift */ = {isa = PBXFileReference; lastKnownFileType = sourcecode.swift; path = AppDelegate.swift; sourceTree = "<group>"; };
		1B3143D021482E0500E1D3BD /* StartViewController.swift */ = {isa = PBXFileReference; lastKnownFileType = sourcecode.swift; path = StartViewController.swift; sourceTree = "<group>"; };
		1B3143D221482E0500E1D3BD /* Document.swift */ = {isa = PBXFileReference; lastKnownFileType = sourcecode.swift; path = Document.swift; sourceTree = "<group>"; };
		1B3143D421482E0700E1D3BD /* Assets.xcassets */ = {isa = PBXFileReference; lastKnownFileType = folder.assetcatalog; path = Assets.xcassets; sourceTree = "<group>"; };
		1B3143D721482E0700E1D3BD /* Base */ = {isa = PBXFileReference; lastKnownFileType = file.storyboard; name = Base; path = Base.lproj/Main.storyboard; sourceTree = "<group>"; };
		1B3143D921482E0700E1D3BD /* Info.plist */ = {isa = PBXFileReference; lastKnownFileType = text.plist.xml; path = Info.plist; sourceTree = "<group>"; };
		1B34E31521656FC4002EEAA3 /* KalturaViewItem.swift */ = {isa = PBXFileReference; lastKnownFileType = sourcecode.swift; path = KalturaViewItem.swift; sourceTree = "<group>"; };
		1B34E31621656FC4002EEAA3 /* KalturaViewItem.xib */ = {isa = PBXFileReference; lastKnownFileType = file.xib; path = KalturaViewItem.xib; sourceTree = "<group>"; };
		1B4BF9B221935620009926D6 /* PrefsViewController.swift */ = {isa = PBXFileReference; lastKnownFileType = sourcecode.swift; path = PrefsViewController.swift; sourceTree = "<group>"; };
		1B5B9DAE219F66E6002DB0F9 /* SbXmlParser.framework */ = {isa = PBXFileReference; lastKnownFileType = wrapper.framework; name = SbXmlParser.framework; path = Carthage/Build/Mac/SbXmlParser.framework; sourceTree = "<group>"; };
		1B68ED882194BEFB0087DD2A /* sb_wand.icns */ = {isa = PBXFileReference; lastKnownFileType = image.icns; path = sb_wand.icns; sourceTree = "<group>"; };
		1B698B4421C3001500CA67FE /* SectionViewItem.swift */ = {isa = PBXFileReference; lastKnownFileType = sourcecode.swift; path = SectionViewItem.swift; sourceTree = "<group>"; };
		1B698B4521C3001500CA67FE /* SectionViewItem.xib */ = {isa = PBXFileReference; lastKnownFileType = file.xib; path = SectionViewItem.xib; sourceTree = "<group>"; };
		1B698B4821C31B1F00CA67FE /* EmptyViewItem.swift */ = {isa = PBXFileReference; lastKnownFileType = sourcecode.swift; path = EmptyViewItem.swift; sourceTree = "<group>"; };
		1B698B4921C31B1F00CA67FE /* EmptyViewItem.xib */ = {isa = PBXFileReference; lastKnownFileType = file.xib; path = EmptyViewItem.xib; sourceTree = "<group>"; };
		1B76F76F21BF07E80090A311 /* SettingsDialogController.swift */ = {isa = PBXFileReference; lastKnownFileType = sourcecode.swift; path = SettingsDialogController.swift; sourceTree = "<group>"; };
		1B76F77121BF09C90090A311 /* PropertiesDialogController.swift */ = {isa = PBXFileReference; lastKnownFileType = sourcecode.swift; path = PropertiesDialogController.swift; sourceTree = "<group>"; };
		1B76F77321BF40840090A311 /* ProjectWindowController.swift */ = {isa = PBXFileReference; lastKnownFileType = sourcecode.swift; path = ProjectWindowController.swift; sourceTree = "<group>"; };
		1B81A1CC21C823180061FD6D /* ImageViewItem.xib */ = {isa = PBXFileReference; fileEncoding = 4; lastKnownFileType = file.xib; path = ImageViewItem.xib; sourceTree = "<group>"; };
		1B81A1CE21C823230061FD6D /* ImageViewItem.swift */ = {isa = PBXFileReference; fileEncoding = 4; lastKnownFileType = sourcecode.swift; path = ImageViewItem.swift; sourceTree = "<group>"; };
		1B98B038215EA394003D19A8 /* Constants.swift */ = {isa = PBXFileReference; lastKnownFileType = sourcecode.swift; path = Constants.swift; sourceTree = "<group>"; };
		1BB62B2B21484C3F00A118E9 /* PresentationViewController.swift */ = {isa = PBXFileReference; lastKnownFileType = sourcecode.swift; path = PresentationViewController.swift; sourceTree = "<group>"; };
		1BC639DE218B89EF00CD08F2 /* PageViewItem.swift */ = {isa = PBXFileReference; lastKnownFileType = sourcecode.swift; path = PageViewItem.swift; sourceTree = "<group>"; };
		1BC639DF218B89EF00CD08F2 /* PageViewItem.xib */ = {isa = PBXFileReference; lastKnownFileType = file.xib; path = PageViewItem.xib; sourceTree = "<group>"; };
		1BC96591215547D60007E2FE /* Utility.swift */ = {isa = PBXFileReference; lastKnownFileType = sourcecode.swift; path = Utility.swift; sourceTree = "<group>"; };
		1BCC7C472150386F00E26D5A /* RecentProjectTableCellView.swift */ = {isa = PBXFileReference; lastKnownFileType = sourcecode.swift; path = RecentProjectTableCellView.swift; sourceTree = "<group>"; };
		1BD4047821C1C21600790878 /* PageSectionItem.swift */ = {isa = PBXFileReference; lastKnownFileType = sourcecode.swift; path = PageSectionItem.swift; sourceTree = "<group>"; };
		1BD4047921C1C21600790878 /* PageSectionItem.xib */ = {isa = PBXFileReference; lastKnownFileType = file.xib; path = PageSectionItem.xib; sourceTree = "<group>"; };
		1BE5C43A21827B9F004D4AA6 /* AVKit.framework */ = {isa = PBXFileReference; lastKnownFileType = wrapper.framework; name = AVKit.framework; path = System/Library/Frameworks/AVKit.framework; sourceTree = SDKROOT; };
		1BE5C43C21828022004D4AA6 /* AVFoundation.framework */ = {isa = PBXFileReference; lastKnownFileType = wrapper.framework; name = AVFoundation.framework; path = System/Library/Frameworks/AVFoundation.framework; sourceTree = SDKROOT; };
/* End PBXFileReference section */

/* Begin PBXFrameworksBuildPhase section */
		1B3143C821482E0500E1D3BD /* Frameworks */ = {
			isa = PBXFrameworksBuildPhase;
			buildActionMask = 2147483647;
			files = (
				1B5B9DAF219F66E6002DB0F9 /* SbXmlParser.framework in Frameworks */,
				1BE5C43D21828022004D4AA6 /* AVFoundation.framework in Frameworks */,
				1BE5C43B21827B9F004D4AA6 /* AVKit.framework in Frameworks */,
			);
			runOnlyForDeploymentPostprocessing = 0;
		};
/* End PBXFrameworksBuildPhase section */

/* Begin PBXGroup section */
		1B3143C221482E0500E1D3BD = {
			isa = PBXGroup;
			children = (
				1B5B9DAE219F66E6002DB0F9 /* SbXmlParser.framework */,
				1B0E5799219F63A900854BB1 /* SbXmlParser.framework.dSYM */,
				1B3143CD21482E0500E1D3BD /* StorybookPackager */,
				1B3143CC21482E0500E1D3BD /* Products */,
				1B3143E0214832BA00E1D3BD /* Frameworks */,
			);
			sourceTree = "<group>";
		};
		1B3143CC21482E0500E1D3BD /* Products */ = {
			isa = PBXGroup;
			children = (
				1B3143CB21482E0500E1D3BD /* Storybook Packager.app */,
			);
			name = Products;
			sourceTree = "<group>";
		};
		1B3143CD21482E0500E1D3BD /* StorybookPackager */ = {
			isa = PBXGroup;
			children = (
				1B68ED882194BEFB0087DD2A /* sb_wand.icns */,
				1BE5C4372182689A004D4AA6 /* Xibs */,
				1B3143CE21482E0500E1D3BD /* AppDelegate.swift */,
				1B3143D221482E0500E1D3BD /* Document.swift */,
				1B98B038215EA394003D19A8 /* Constants.swift */,
				1BC96591215547D60007E2FE /* Utility.swift */,
				1B3143D021482E0500E1D3BD /* StartViewController.swift */,
				1B3143D621482E0700E1D3BD /* Main.storyboard */,
				1B4BF9B221935620009926D6 /* PrefsViewController.swift */,
				1BCC7C472150386F00E26D5A /* RecentProjectTableCellView.swift */,
				1BB62B2B21484C3F00A118E9 /* PresentationViewController.swift */,
				1B3143D421482E0700E1D3BD /* Assets.xcassets */,
				1B3143D921482E0700E1D3BD /* Info.plist */,
				1B76F76F21BF07E80090A311 /* SettingsDialogController.swift */,
				1B76F77121BF09C90090A311 /* PropertiesDialogController.swift */,
				1B76F77321BF40840090A311 /* ProjectWindowController.swift */,
			);
			path = StorybookPackager;
			sourceTree = "<group>";
		};
		1B3143E0214832BA00E1D3BD /* Frameworks */ = {
			isa = PBXGroup;
			children = (
				1BE5C43C21828022004D4AA6 /* AVFoundation.framework */,
				1BE5C43A21827B9F004D4AA6 /* AVKit.framework */,
			);
			name = Frameworks;
			sourceTree = "<group>";
		};
		1BE5C4372182689A004D4AA6 /* Xibs */ = {
			isa = PBXGroup;
			children = (
				1B34E31521656FC4002EEAA3 /* KalturaViewItem.swift */,
				1B34E31621656FC4002EEAA3 /* KalturaViewItem.xib */,
				1B81A1CE21C823230061FD6D /* ImageViewItem.swift */,
				1B81A1CC21C823180061FD6D /* ImageViewItem.xib */,
				1BC639DE218B89EF00CD08F2 /* PageViewItem.swift */,
				1BC639DF218B89EF00CD08F2 /* PageViewItem.xib */,
				1BD4047821C1C21600790878 /* PageSectionItem.swift */,
				1BD4047921C1C21600790878 /* PageSectionItem.xib */,
				1B698B4421C3001500CA67FE /* SectionViewItem.swift */,
				1B698B4521C3001500CA67FE /* SectionViewItem.xib */,
				1B698B4821C31B1F00CA67FE /* EmptyViewItem.swift */,
				1B698B4921C31B1F00CA67FE /* EmptyViewItem.xib */,
			);
			path = Xibs;
			sourceTree = "<group>";
		};
/* End PBXGroup section */

/* Begin PBXNativeTarget section */
		1B3143CA21482E0500E1D3BD /* Storybook Packager */ = {
			isa = PBXNativeTarget;
			buildConfigurationList = 1B3143DD21482E0700E1D3BD /* Build configuration list for PBXNativeTarget "Storybook Packager" */;
			buildPhases = (
				1B3143C721482E0500E1D3BD /* Sources */,
				1B3143C821482E0500E1D3BD /* Frameworks */,
				1B3143C921482E0500E1D3BD /* Resources */,
				1B0E5797219F633A00854BB1 /* Embed Frameworks */,
				1B0E5798219F639200854BB1 /* CopyFiles */,
			);
			buildRules = (
			);
			dependencies = (
			);
			name = "Storybook Packager";
			productName = StorybookPackager;
			productReference = 1B3143CB21482E0500E1D3BD /* Storybook Packager.app */;
			productType = "com.apple.product-type.application";
		};
/* End PBXNativeTarget section */

/* Begin PBXProject section */
		1B3143C321482E0500E1D3BD /* Project object */ = {
			isa = PBXProject;
			attributes = {
				LastSwiftUpdateCheck = 0940;
				LastUpgradeCheck = 0940;
				ORGANIZATIONNAME = "University of Wisconsin System";
				TargetAttributes = {
					1B3143CA21482E0500E1D3BD = {
						CreatedOnToolsVersion = 9.4.1;
						LastSwiftMigration = 1000;
						SystemCapabilities = {
							com.apple.Sandbox = {
								enabled = 0;
							};
						};
					};
				};
			};
			buildConfigurationList = 1B3143C621482E0500E1D3BD /* Build configuration list for PBXProject "Storybook Packager" */;
			compatibilityVersion = "Xcode 9.3";
			developmentRegion = en;
			hasScannedForEncodings = 0;
			knownRegions = (
				en,
				Base,
			);
			mainGroup = 1B3143C221482E0500E1D3BD;
			productRefGroup = 1B3143CC21482E0500E1D3BD /* Products */;
			projectDirPath = "";
			projectRoot = "";
			targets = (
				1B3143CA21482E0500E1D3BD /* Storybook Packager */,
			);
		};
/* End PBXProject section */

/* Begin PBXResourcesBuildPhase section */
		1B3143C921482E0500E1D3BD /* Resources */ = {
			isa = PBXResourcesBuildPhase;
			buildActionMask = 2147483647;
			files = (
				1B3143D521482E0700E1D3BD /* Assets.xcassets in Resources */,
				1BD4047B21C1C21600790878 /* PageSectionItem.xib in Resources */,
				1B34E31821656FC4002EEAA3 /* KalturaViewItem.xib in Resources */,
				1B698B4B21C31B1F00CA67FE /* EmptyViewItem.xib in Resources */,
				1B3143D821482E0700E1D3BD /* Main.storyboard in Resources */,
				1BC639E1218B89EF00CD08F2 /* PageViewItem.xib in Resources */,
				1B698B4721C3001500CA67FE /* SectionViewItem.xib in Resources */,
				1B68ED892194BEFB0087DD2A /* sb_wand.icns in Resources */,
				1B81A1CD21C823180061FD6D /* ImageViewItem.xib in Resources */,
			);
			runOnlyForDeploymentPostprocessing = 0;
		};
/* End PBXResourcesBuildPhase section */

/* Begin PBXSourcesBuildPhase section */
		1B3143C721482E0500E1D3BD /* Sources */ = {
			isa = PBXSourcesBuildPhase;
			buildActionMask = 2147483647;
			files = (
				1B76F77421BF40840090A311 /* ProjectWindowController.swift in Sources */,
				1BC96592215547D60007E2FE /* Utility.swift in Sources */,
				1BB62B2C21484C3F00A118E9 /* PresentationViewController.swift in Sources */,
				1B81A1CF21C823230061FD6D /* ImageViewItem.swift in Sources */,
				1BD4047A21C1C21600790878 /* PageSectionItem.swift in Sources */,
				1B76F77021BF07E80090A311 /* SettingsDialogController.swift in Sources */,
				1B98B039215EA394003D19A8 /* Constants.swift in Sources */,
				1B76F77221BF09C90090A311 /* PropertiesDialogController.swift in Sources */,
				1B698B4A21C31B1F00CA67FE /* EmptyViewItem.swift in Sources */,
				1BC639E0218B89EF00CD08F2 /* PageViewItem.swift in Sources */,
				1B34E31721656FC4002EEAA3 /* KalturaViewItem.swift in Sources */,
				1B4BF9B321935620009926D6 /* PrefsViewController.swift in Sources */,
				1BCC7C482150386F00E26D5A /* RecentProjectTableCellView.swift in Sources */,
				1B3143D121482E0500E1D3BD /* StartViewController.swift in Sources */,
				1B3143CF21482E0500E1D3BD /* AppDelegate.swift in Sources */,
				1B3143D321482E0500E1D3BD /* Document.swift in Sources */,
				1B698B4621C3001500CA67FE /* SectionViewItem.swift in Sources */,
			);
			runOnlyForDeploymentPostprocessing = 0;
		};
/* End PBXSourcesBuildPhase section */

/* Begin PBXVariantGroup section */
		1B3143D621482E0700E1D3BD /* Main.storyboard */ = {
			isa = PBXVariantGroup;
			children = (
				1B3143D721482E0700E1D3BD /* Base */,
			);
			name = Main.storyboard;
			sourceTree = "<group>";
		};
/* End PBXVariantGroup section */

/* Begin XCBuildConfiguration section */
		1B3143DB21482E0700E1D3BD /* Debug */ = {
			isa = XCBuildConfiguration;
			buildSettings = {
				ALWAYS_SEARCH_USER_PATHS = NO;
				CLANG_ANALYZER_NONNULL = YES;
				CLANG_ANALYZER_NUMBER_OBJECT_CONVERSION = YES_AGGRESSIVE;
				CLANG_CXX_LANGUAGE_STANDARD = "gnu++14";
				CLANG_CXX_LIBRARY = "libc++";
				CLANG_ENABLE_MODULES = YES;
				CLANG_ENABLE_OBJC_ARC = YES;
				CLANG_ENABLE_OBJC_WEAK = YES;
				CLANG_WARN_BLOCK_CAPTURE_AUTORELEASING = YES;
				CLANG_WARN_BOOL_CONVERSION = YES;
				CLANG_WARN_COMMA = YES;
				CLANG_WARN_CONSTANT_CONVERSION = YES;
				CLANG_WARN_DEPRECATED_OBJC_IMPLEMENTATIONS = YES;
				CLANG_WARN_DIRECT_OBJC_ISA_USAGE = YES_ERROR;
				CLANG_WARN_DOCUMENTATION_COMMENTS = YES;
				CLANG_WARN_EMPTY_BODY = YES;
				CLANG_WARN_ENUM_CONVERSION = YES;
				CLANG_WARN_INFINITE_RECURSION = YES;
				CLANG_WARN_INT_CONVERSION = YES;
				CLANG_WARN_NON_LITERAL_NULL_CONVERSION = YES;
				CLANG_WARN_OBJC_IMPLICIT_RETAIN_SELF = YES;
				CLANG_WARN_OBJC_LITERAL_CONVERSION = YES;
				CLANG_WARN_OBJC_ROOT_CLASS = YES_ERROR;
				CLANG_WARN_RANGE_LOOP_ANALYSIS = YES;
				CLANG_WARN_STRICT_PROTOTYPES = YES;
				CLANG_WARN_SUSPICIOUS_MOVE = YES;
				CLANG_WARN_UNGUARDED_AVAILABILITY = YES_AGGRESSIVE;
				CLANG_WARN_UNREACHABLE_CODE = YES;
				CLANG_WARN__DUPLICATE_METHOD_MATCH = YES;
				CODE_SIGN_IDENTITY = "Mac Developer";
				COPY_PHASE_STRIP = NO;
				DEBUG_INFORMATION_FORMAT = dwarf;
				ENABLE_STRICT_OBJC_MSGSEND = YES;
				ENABLE_TESTABILITY = YES;
				GCC_C_LANGUAGE_STANDARD = gnu11;
				GCC_DYNAMIC_NO_PIC = NO;
				GCC_NO_COMMON_BLOCKS = YES;
				GCC_OPTIMIZATION_LEVEL = 0;
				GCC_PREPROCESSOR_DEFINITIONS = (
					"DEBUG=1",
					"$(inherited)",
				);
				GCC_WARN_64_TO_32_BIT_CONVERSION = YES;
				GCC_WARN_ABOUT_RETURN_TYPE = YES_ERROR;
				GCC_WARN_UNDECLARED_SELECTOR = YES;
				GCC_WARN_UNINITIALIZED_AUTOS = YES_AGGRESSIVE;
				GCC_WARN_UNUSED_FUNCTION = YES;
				GCC_WARN_UNUSED_VARIABLE = YES;
				MACOSX_DEPLOYMENT_TARGET = 10.12;
				MTL_ENABLE_DEBUG_INFO = YES;
				ONLY_ACTIVE_ARCH = YES;
				SDKROOT = macosx;
				SWIFT_ACTIVE_COMPILATION_CONDITIONS = DEBUG;
				SWIFT_OPTIMIZATION_LEVEL = "-Onone";
			};
			name = Debug;
		};
		1B3143DC21482E0700E1D3BD /* Release */ = {
			isa = XCBuildConfiguration;
			buildSettings = {
				ALWAYS_SEARCH_USER_PATHS = NO;
				CLANG_ANALYZER_NONNULL = YES;
				CLANG_ANALYZER_NUMBER_OBJECT_CONVERSION = YES_AGGRESSIVE;
				CLANG_CXX_LANGUAGE_STANDARD = "gnu++14";
				CLANG_CXX_LIBRARY = "libc++";
				CLANG_ENABLE_MODULES = YES;
				CLANG_ENABLE_OBJC_ARC = YES;
				CLANG_ENABLE_OBJC_WEAK = YES;
				CLANG_WARN_BLOCK_CAPTURE_AUTORELEASING = YES;
				CLANG_WARN_BOOL_CONVERSION = YES;
				CLANG_WARN_COMMA = YES;
				CLANG_WARN_CONSTANT_CONVERSION = YES;
				CLANG_WARN_DEPRECATED_OBJC_IMPLEMENTATIONS = YES;
				CLANG_WARN_DIRECT_OBJC_ISA_USAGE = YES_ERROR;
				CLANG_WARN_DOCUMENTATION_COMMENTS = YES;
				CLANG_WARN_EMPTY_BODY = YES;
				CLANG_WARN_ENUM_CONVERSION = YES;
				CLANG_WARN_INFINITE_RECURSION = YES;
				CLANG_WARN_INT_CONVERSION = YES;
				CLANG_WARN_NON_LITERAL_NULL_CONVERSION = YES;
				CLANG_WARN_OBJC_IMPLICIT_RETAIN_SELF = YES;
				CLANG_WARN_OBJC_LITERAL_CONVERSION = YES;
				CLANG_WARN_OBJC_ROOT_CLASS = YES_ERROR;
				CLANG_WARN_RANGE_LOOP_ANALYSIS = YES;
				CLANG_WARN_STRICT_PROTOTYPES = YES;
				CLANG_WARN_SUSPICIOUS_MOVE = YES;
				CLANG_WARN_UNGUARDED_AVAILABILITY = YES_AGGRESSIVE;
				CLANG_WARN_UNREACHABLE_CODE = YES;
				CLANG_WARN__DUPLICATE_METHOD_MATCH = YES;
				CODE_SIGN_IDENTITY = "Mac Developer";
				COPY_PHASE_STRIP = NO;
				DEBUG_INFORMATION_FORMAT = "dwarf-with-dsym";
				ENABLE_NS_ASSERTIONS = NO;
				ENABLE_STRICT_OBJC_MSGSEND = YES;
				GCC_C_LANGUAGE_STANDARD = gnu11;
				GCC_NO_COMMON_BLOCKS = YES;
				GCC_WARN_64_TO_32_BIT_CONVERSION = YES;
				GCC_WARN_ABOUT_RETURN_TYPE = YES_ERROR;
				GCC_WARN_UNDECLARED_SELECTOR = YES;
				GCC_WARN_UNINITIALIZED_AUTOS = YES_AGGRESSIVE;
				GCC_WARN_UNUSED_FUNCTION = YES;
				GCC_WARN_UNUSED_VARIABLE = YES;
				MACOSX_DEPLOYMENT_TARGET = 10.12;
				MTL_ENABLE_DEBUG_INFO = NO;
				SDKROOT = macosx;
				SWIFT_COMPILATION_MODE = wholemodule;
				SWIFT_OPTIMIZATION_LEVEL = "-O";
			};
			name = Release;
		};
		1B3143DE21482E0700E1D3BD /* Debug */ = {
			isa = XCBuildConfiguration;
			buildSettings = {
				ASSETCATALOG_COMPILER_APPICON_NAME = AppIcon;
				CODE_SIGN_STYLE = Automatic;
				COMBINE_HIDPI_IMAGES = YES;
				DEVELOPMENT_TEAM = D8MAJNQ7E6;
				FRAMEWORK_SEARCH_PATHS = (
					"$(inherited)",
					"$(PROJECT_DIR)/Carthage/Build/Mac",
				);
				INFOPLIST_FILE = StorybookPackager/Info.plist;
				LD_RUNPATH_SEARCH_PATHS = (
					"$(inherited)",
					"@executable_path/../Frameworks",
				);
				PRODUCT_BUNDLE_IDENTIFIER = com.uwex.media.StorybookPackager;
				PRODUCT_NAME = "$(TARGET_NAME)";
				SWIFT_VERSION = 4.2;
			};
			name = Debug;
		};
		1B3143DF21482E0700E1D3BD /* Release */ = {
			isa = XCBuildConfiguration;
			buildSettings = {
				ASSETCATALOG_COMPILER_APPICON_NAME = AppIcon;
				CODE_SIGN_STYLE = Automatic;
				COMBINE_HIDPI_IMAGES = YES;
				DEVELOPMENT_TEAM = D8MAJNQ7E6;
				FRAMEWORK_SEARCH_PATHS = (
					"$(inherited)",
					"$(PROJECT_DIR)/Carthage/Build/Mac",
				);
				INFOPLIST_FILE = StorybookPackager/Info.plist;
				LD_RUNPATH_SEARCH_PATHS = (
					"$(inherited)",
					"@executable_path/../Frameworks",
				);
				PRODUCT_BUNDLE_IDENTIFIER = com.uwex.media.StorybookPackager;
				PRODUCT_NAME = "$(TARGET_NAME)";
				SWIFT_VERSION = 4.2;
			};
			name = Release;
		};
/* End XCBuildConfiguration section */

/* Begin XCConfigurationList section */
		1B3143C621482E0500E1D3BD /* Build configuration list for PBXProject "Storybook Packager" */ = {
			isa = XCConfigurationList;
			buildConfigurations = (
				1B3143DB21482E0700E1D3BD /* Debug */,
				1B3143DC21482E0700E1D3BD /* Release */,
			);
			defaultConfigurationIsVisible = 0;
			defaultConfigurationName = Release;
		};
		1B3143DD21482E0700E1D3BD /* Build configuration list for PBXNativeTarget "Storybook Packager" */ = {
			isa = XCConfigurationList;
			buildConfigurations = (
				1B3143DE21482E0700E1D3BD /* Debug */,
				1B3143DF21482E0700E1D3BD /* Release */,
			);
			defaultConfigurationIsVisible = 0;
			defaultConfigurationName = Release;
		};
/* End XCConfigurationList section */
	};
	rootObject = 1B3143C321482E0500E1D3BD /* Project object */;
}
