{
  "originHash" : "0cf4250507cb0affb5282b38753d57811cc3e245d469ee6d0d7fcc73fb5671fa",
  "pins" : [
    {
      "identity" : "htmlstring",
      "kind" : "remoteSourceControl",
      "location" : "https://github.com/alexaubry/HTMLString",
      "state" : {
        "revision" : "04613a3b0f40a91e554b5174c0a10657f1a26357",
        "version" : "6.0.1"
      }
    },
    {
      "identity" : "reachability.swift",
      "kind" : "remoteSourceControl",
      "location" : "https://github.com/ashleymills/Reachability.swift",
      "state" : {
        "revision" : "21d1dc412cfecbe6e34f1f4c4eb88d3f912654a6",
        "version" : "5.2.4"
      }
    },
    {
      "identity" : "sbxmlparser",
      "kind" : "remoteSourceControl",
      "location" : "https://github.com/uwex-learning-tech/SbXmlParser",
      "state" : {
        "revision" : "5599284eee0f95edca210ccae3704b9025c90b53",
        "version" : "1.0.6"
      }
    },
    {
      "identity" : "sparkle",
      "kind" : "remoteSourceControl",
      "location" : "https://github.com/sparkle-project/Sparkle",
      "state" : {
        "revision" : "ac2def288cbff5cfc7df3ffef6abdf45b72bcb0a",
        "version" : "2.9.6"
      }
    }
  ],
  "version" : 3
}
