PODS:
  - ReachabilitySwift (5.0.0)
  - Sparkle (1.27.1)

DEPENDENCIES:
  - ReachabilitySwift (from `https://github.com/ashleymills/Reachability.swift.git`)
  - Sparkle (~> 1.22)

SPEC REPOS:
  trunk:
    - Sparkle

EXTERNAL SOURCES:
  ReachabilitySwift:
    :git: https://github.com/ashleymills/Reachability.swift.git

CHECKOUT OPTIONS:
  ReachabilitySwift:
    :commit: a81b7367f2c46875f29577e03a60c39cdfad0c8d
    :git: https://github.com/ashleymills/Reachability.swift.git

SPEC CHECKSUMS:
  ReachabilitySwift: 985039c6f7b23a1da463388634119492ff86c825
  Sparkle: 23f98b268284c8c03e6228230fc8f1807ef041d5

PODFILE CHECKSUM: 06babd2dc88d1d2d8b2c6584fb7598557a264fd4

COCOAPODS: 1.10.1
