PODS:
  - ReachabilitySwift (5.0.0)
  - sbplus-xml-parser (1.0.65)
  - Sparkle (1.23.0)

DEPENDENCIES:
  - ReachabilitySwift (from `https://github.com/ashleymills/Reachability.swift.git`)
  - sbplus-xml-parser (from `https://github.com/oel-mediateam/sbplus-xml-parser.git`)
  - Sparkle (~> 1.22)

SPEC REPOS:
  trunk:
    - Sparkle

EXTERNAL SOURCES:
  ReachabilitySwift:
    :git: https://github.com/ashleymills/Reachability.swift.git
  sbplus-xml-parser:
    :git: https://github.com/oel-mediateam/sbplus-xml-parser.git

CHECKOUT OPTIONS:
  ReachabilitySwift:
    :commit: 934a1b30804616ee8f812bf0bcbe0371bcb38a50
    :git: https://github.com/ashleymills/Reachability.swift.git
  sbplus-xml-parser:
    :commit: 2adc89e3b5a6741f3eb6367fb5899aa63e186142
    :git: https://github.com/oel-mediateam/sbplus-xml-parser.git

SPEC CHECKSUMS:
  ReachabilitySwift: 985039c6f7b23a1da463388634119492ff86c825
  sbplus-xml-parser: e4caf8fa2ea8a5dd40223a305e8e35b1abe98e98
  Sparkle: 55b1a87ba69d56913375a281546b7c82dec95bb0

PODFILE CHECKSUM: 6eded0554946807d66af183beb8eea634566d439

COCOAPODS: 1.10.1
